
Microsoft Visual Studio Solution File, Format Version 12.00
# Visual Studio 15
VisualStudioVersion = 15.0.26730.3
MinimumVisualStudioVersion = 10.0.40219.1
Project("{FAE04EC0-301F-11D3-BF4B-00C04F79EFBC}") = "ParkingRampSimulator", "ParkingRampSimulator\ParkingRampSimulator.csproj", "{F5E37DA5-E691-4994-8688-931B49E9E9BC}"
EndProject
Project("{FAE04EC0-301F-11D3-BF4B-00C04F79EFBC}") = "ParkingRampSimulatorConsole", "ParkingRampSimulatorConsole\ParkingRampSimulatorConsole.csproj", "{E5AB6277-F41A-4740-A329-89EF86B94A30}"
EndProject
Project("{FAE04EC0-301F-11D3-BF4B-00C04F79EFBC}") = "ParkingRampSimulatorTests", "ParkingRampSimulatorTests\ParkingRampSimulatorTests.csproj", "{F8938223-BA99-4F83-8488-FD068F123101}"
EndProject
Project("{FAE04EC0-301F-11D3-BF4B-00C04F79EFBC}") = "MessageProcessorConsole", "MessageProcessorConsole\MessageProcessorConsole.csproj", "{C60D31CB-D155-4192-A056-BD164D2E4551}"
EndProject
Project("{FAE04EC0-301F-11D3-BF4B-00C04F79EFBC}") = "ParkingRampSimulator.Messages", "ParkingRampSimulator.Messages\ParkingRampSimulator.Messages.csproj", "{826150F5-2634-4C6F-AAF9-446493B19DB2}"
EndProject
Project("{FAE04EC0-301F-11D3-BF4B-00C04F79EFBC}") = "TopicSubConsole", "TopicSubConsole\TopicSubConsole.csproj", "{73A1954E-0C49-436B-87D4-16B8CA11F46C}"
EndProject
Project("{FAE04EC0-301F-11D3-BF4B-00C04F79EFBC}") = "ParkingRampSimulator.Config", "ParkingRampSimulator.Config\ParkingRampSimulator.Config.csproj", "{9682A8BE-7907-4456-AFD4-D6F5FBB8FD35}"
EndProject
Project("{FAE04EC0-301F-11D3-BF4B-00C04F79EFBC}") = "ParkingRampSimulatorServices", "ParkingRampSimulatorServices\ParkingRampSimulatorServices.csproj", "{3FF42FEB-B8B6-4A03-A927-C70BDE5D724C}"
EndProject
Project("{FAE04EC0-301F-11D3-BF4B-00C04F79EFBC}") = "ParkingRampSimulator.Entities", "ParkingRampSimulator.Entities\ParkingRampSimulator.Entities.csproj", "{21DCD74D-786D-4FA1-B893-5454CA2D8A62}"
EndProject
Project("{FAE04EC0-301F-11D3-BF4B-00C04F79EFBC}") = "ParkingRampApp.iOS", "ParkingRampApp\ParkingRampApp.iOS\ParkingRampApp.iOS.csproj", "{F3BC0F56-D66D-4AE8-973C-60532B5E7F92}"
EndProject
Project("{FAE04EC0-301F-11D3-BF4B-00C04F79EFBC}") = "ParkingRampApp.UWP", "ParkingRampApp\ParkingRampApp.UWP\ParkingRampApp.UWP.csproj", "{62A905BD-CC42-413F-B607-AAAD3B3AE6A8}"
EndProject
Project("{FAE04EC0-301F-11D3-BF4B-00C04F79EFBC}") = "ParkingRampApp", "ParkingRampApp\ParkingRampApp\ParkingRampApp.csproj", "{1EED83B4-2912-4200-ABD8-068FE60277C8}"
EndProject
Project("{2150E333-8FDC-42A3-9474-1A3956D46DE8}") = "ParkingRampXamarinApp", "ParkingRampXamarinApp", "{91FA8718-0D85-4689-A8F2-4D927BE19EC9}"
EndProject
Project("{D954291E-2A0B-460D-934E-DC6B0785DB48}") = "ParkingRampSimulator.Messages.Shared", "ParkingRampSimulator.Messages.Shared\ParkingRampSimulator.Messages.Shared.shproj", "{73AD0FBB-CE54-4D37-B9A0-6BEA43BECD5A}"
EndProject
Project("{FAE04EC0-301F-11D3-BF4B-00C04F79EFBC}") = "ParkingRampSimulator.Messages.Net", "ParkingRampSimulator.Messages.Net\ParkingRampSimulator.Messages.Net.csproj", "{729E3206-07E7-4EE0-B5B3-687C1E89570B}"
EndProject
Project("{9A19103F-16F7-4668-BE54-9A1E7A4F7556}") = "TopicSubFunction", "TopicSubFunction\TopicSubFunction.csproj", "{1A93F001-29FA-4654-A647-9BA63190ECAC}"
EndProject
Project("{9A19103F-16F7-4668-BE54-9A1E7A4F7556}") = "NetCoreClient", "NetCoreClient\NetCoreClient.csproj", "{4BAB7410-AD7F-41D5-9EBE-0BA449261FA9}"
EndProject
Project("{9A19103F-16F7-4668-BE54-9A1E7A4F7556}") = "ParkingRampApp.Wasm", "ParkingRampApp\ParkingRampApp.Wasm\ParkingRampApp.Wasm.csproj", "{4DFB79F1-88F4-4AD6-B296-E7E89E653291}"
EndProject
Project("{FAE04EC0-301F-11D3-BF4B-00C04F79EFBC}") = "ParkingRampApp.Droid", "ParkingRampApp\ParkingRampApp.Droid\ParkingRampApp.Droid.csproj", "{6EDB9F13-0147-4094-96F9-5B405A622D30}"
EndProject
Global
	GlobalSection(SharedMSBuildProjectFiles) = preSolution
		ParkingRampSimulator.Messages.Shared\ParkingRampSimulator.Messages.Shared.projitems*{729e3206-07e7-4ee0-b5b3-687c1e89570b}*SharedItemsImports = 4
		ParkingRampSimulator.Messages.Shared\ParkingRampSimulator.Messages.Shared.projitems*{73ad0fbb-ce54-4d37-b9a0-6bea43becd5a}*SharedItemsImports = 13
		ParkingRampSimulator.Messages.Shared\ParkingRampSimulator.Messages.Shared.projitems*{826150f5-2634-4c6f-aaf9-446493b19db2}*SharedItemsImports = 4
	EndGlobalSection
	GlobalSection(SolutionConfigurationPlatforms) = preSolution
		Ad-Hoc|Any CPU = Ad-Hoc|Any CPU
		Ad-Hoc|ARM = Ad-Hoc|ARM
		Ad-Hoc|iPhone = Ad-Hoc|iPhone
		Ad-Hoc|iPhoneSimulator = Ad-Hoc|iPhoneSimulator
		Ad-Hoc|x64 = Ad-Hoc|x64
		Ad-Hoc|x86 = Ad-Hoc|x86
		AppStore|Any CPU = AppStore|Any CPU
		AppStore|ARM = AppStore|ARM
		AppStore|iPhone = AppStore|iPhone
		AppStore|iPhoneSimulator = AppStore|iPhoneSimulator
		AppStore|x64 = AppStore|x64
		AppStore|x86 = AppStore|x86
		Debug|Any CPU = Debug|Any CPU
		Debug|ARM = Debug|ARM
		Debug|iPhone = Debug|iPhone
		Debug|iPhoneSimulator = Debug|iPhoneSimulator
		Debug|x64 = Debug|x64
		Debug|x86 = Debug|x86
		Release|Any CPU = Release|Any CPU
		Release|ARM = Release|ARM
		Release|iPhone = Release|iPhone
		Release|iPhoneSimulator = Release|iPhoneSimulator
		Release|x64 = Release|x64
		Release|x86 = Release|x86
	EndGlobalSection
	GlobalSection(ProjectConfigurationPlatforms) = postSolution
		{F5E37DA5-E691-4994-8688-931B49E9E9BC}.Ad-Hoc|Any CPU.ActiveCfg = Release|Any CPU
		{F5E37DA5-E691-4994-8688-931B49E9E9BC}.Ad-Hoc|Any CPU.Build.0 = Release|Any CPU
		{F5E37DA5-E691-4994-8688-931B49E9E9BC}.Ad-Hoc|ARM.ActiveCfg = Release|Any CPU
		{F5E37DA5-E691-4994-8688-931B49E9E9BC}.Ad-Hoc|ARM.Build.0 = Release|Any CPU
		{F5E37DA5-E691-4994-8688-931B49E9E9BC}.Ad-Hoc|iPhone.ActiveCfg = Release|Any CPU
		{F5E37DA5-E691-4994-8688-931B49E9E9BC}.Ad-Hoc|iPhone.Build.0 = Release|Any CPU
		{F5E37DA5-E691-4994-8688-931B49E9E9BC}.Ad-Hoc|iPhoneSimulator.ActiveCfg = Release|Any CPU
		{F5E37DA5-E691-4994-8688-931B49E9E9BC}.Ad-Hoc|iPhoneSimulator.Build.0 = Release|Any CPU
		{F5E37DA5-E691-4994-8688-931B49E9E9BC}.Ad-Hoc|x64.ActiveCfg = Release|Any CPU
		{F5E37DA5-E691-4994-8688-931B49E9E9BC}.Ad-Hoc|x64.Build.0 = Release|Any CPU
		{F5E37DA5-E691-4994-8688-931B49E9E9BC}.Ad-Hoc|x86.ActiveCfg = Release|Any CPU
		{F5E37DA5-E691-4994-8688-931B49E9E9BC}.Ad-Hoc|x86.Build.0 = Release|Any CPU
		{F5E37DA5-E691-4994-8688-931B49E9E9BC}.AppStore|Any CPU.ActiveCfg = Release|Any CPU
		{F5E37DA5-E691-4994-8688-931B49E9E9BC}.AppStore|Any CPU.Build.0 = Release|Any CPU
		{F5E37DA5-E691-4994-8688-931B49E9E9BC}.AppStore|ARM.ActiveCfg = Release|Any CPU
		{F5E37DA5-E691-4994-8688-931B49E9E9BC}.AppStore|ARM.Build.0 = Release|Any CPU
		{F5E37DA5-E691-4994-8688-931B49E9E9BC}.AppStore|iPhone.ActiveCfg = Release|Any CPU
		{F5E37DA5-E691-4994-8688-931B49E9E9BC}.AppStore|iPhone.Build.0 = Release|Any CPU
		{F5E37DA5-E691-4994-8688-931B49E9E9BC}.AppStore|iPhoneSimulator.ActiveCfg = Release|Any CPU
		{F5E37DA5-E691-4994-8688-931B49E9E9BC}.AppStore|iPhoneSimulator.Build.0 = Release|Any CPU
		{F5E37DA5-E691-4994-8688-931B49E9E9BC}.AppStore|x64.ActiveCfg = Release|Any CPU
		{F5E37DA5-E691-4994-8688-931B49E9E9BC}.AppStore|x64.Build.0 = Release|Any CPU
		{F5E37DA5-E691-4994-8688-931B49E9E9BC}.AppStore|x86.ActiveCfg = Release|Any CPU
		{F5E37DA5-E691-4994-8688-931B49E9E9BC}.AppStore|x86.Build.0 = Release|Any CPU
		{F5E37DA5-E691-4994-8688-931B49E9E9BC}.Debug|Any CPU.ActiveCfg = Debug|Any CPU
		{F5E37DA5-E691-4994-8688-931B49E9E9BC}.Debug|Any CPU.Build.0 = Debug|Any CPU
		{F5E37DA5-E691-4994-8688-931B49E9E9BC}.Debug|ARM.ActiveCfg = Debug|Any CPU
		{F5E37DA5-E691-4994-8688-931B49E9E9BC}.Debug|ARM.Build.0 = Debug|Any CPU
		{F5E37DA5-E691-4994-8688-931B49E9E9BC}.Debug|iPhone.ActiveCfg = Debug|Any CPU
		{F5E37DA5-E691-4994-8688-931B49E9E9BC}.Debug|iPhone.Build.0 = Debug|Any CPU
		{F5E37DA5-E691-4994-8688-931B49E9E9BC}.Debug|iPhoneSimulator.ActiveCfg = Debug|Any CPU
		{F5E37DA5-E691-4994-8688-931B49E9E9BC}.Debug|iPhoneSimulator.Build.0 = Debug|Any CPU
		{F5E37DA5-E691-4994-8688-931B49E9E9BC}.Debug|x64.ActiveCfg = Debug|Any CPU
		{F5E37DA5-E691-4994-8688-931B49E9E9BC}.Debug|x64.Build.0 = Debug|Any CPU
		{F5E37DA5-E691-4994-8688-931B49E9E9BC}.Debug|x86.ActiveCfg = Debug|Any CPU
		{F5E37DA5-E691-4994-8688-931B49E9E9BC}.Debug|x86.Build.0 = Debug|Any CPU
		{F5E37DA5-E691-4994-8688-931B49E9E9BC}.Release|Any CPU.ActiveCfg = Release|Any CPU
		{F5E37DA5-E691-4994-8688-931B49E9E9BC}.Release|Any CPU.Build.0 = Release|Any CPU
		{F5E37DA5-E691-4994-8688-931B49E9E9BC}.Release|ARM.ActiveCfg = Release|Any CPU
		{F5E37DA5-E691-4994-8688-931B49E9E9BC}.Release|ARM.Build.0 = Release|Any CPU
		{F5E37DA5-E691-4994-8688-931B49E9E9BC}.Release|iPhone.ActiveCfg = Release|Any CPU
		{F5E37DA5-E691-4994-8688-931B49E9E9BC}.Release|iPhone.Build.0 = Release|Any CPU
		{F5E37DA5-E691-4994-8688-931B49E9E9BC}.Release|iPhoneSimulator.ActiveCfg = Release|Any CPU
		{F5E37DA5-E691-4994-8688-931B49E9E9BC}.Release|iPhoneSimulator.Build.0 = Release|Any CPU
		{F5E37DA5-E691-4994-8688-931B49E9E9BC}.Release|x64.ActiveCfg = Release|Any CPU
		{F5E37DA5-E691-4994-8688-931B49E9E9BC}.Release|x64.Build.0 = Release|Any CPU
		{F5E37DA5-E691-4994-8688-931B49E9E9BC}.Release|x86.ActiveCfg = Release|Any CPU
		{F5E37DA5-E691-4994-8688-931B49E9E9BC}.Release|x86.Build.0 = Release|Any CPU
		{E5AB6277-F41A-4740-A329-89EF86B94A30}.Ad-Hoc|Any CPU.ActiveCfg = Release|Any CPU
		{E5AB6277-F41A-4740-A329-89EF86B94A30}.Ad-Hoc|Any CPU.Build.0 = Release|Any CPU
		{E5AB6277-F41A-4740-A329-89EF86B94A30}.Ad-Hoc|ARM.ActiveCfg = Release|Any CPU
		{E5AB6277-F41A-4740-A329-89EF86B94A30}.Ad-Hoc|ARM.Build.0 = Release|Any CPU
		{E5AB6277-F41A-4740-A329-89EF86B94A30}.Ad-Hoc|iPhone.ActiveCfg = Release|Any CPU
		{E5AB6277-F41A-4740-A329-89EF86B94A30}.Ad-Hoc|iPhone.Build.0 = Release|Any CPU
		{E5AB6277-F41A-4740-A329-89EF86B94A30}.Ad-Hoc|iPhoneSimulator.ActiveCfg = Release|Any CPU
		{E5AB6277-F41A-4740-A329-89EF86B94A30}.Ad-Hoc|iPhoneSimulator.Build.0 = Release|Any CPU
		{E5AB6277-F41A-4740-A329-89EF86B94A30}.Ad-Hoc|x64.ActiveCfg = Release|Any CPU
		{E5AB6277-F41A-4740-A329-89EF86B94A30}.Ad-Hoc|x64.Build.0 = Release|Any CPU
		{E5AB6277-F41A-4740-A329-89EF86B94A30}.Ad-Hoc|x86.ActiveCfg = Release|Any CPU
		{E5AB6277-F41A-4740-A329-89EF86B94A30}.Ad-Hoc|x86.Build.0 = Release|Any CPU
		{E5AB6277-F41A-4740-A329-89EF86B94A30}.AppStore|Any CPU.ActiveCfg = Release|Any CPU
		{E5AB6277-F41A-4740-A329-89EF86B94A30}.AppStore|Any CPU.Build.0 = Release|Any CPU
		{E5AB6277-F41A-4740-A329-89EF86B94A30}.AppStore|ARM.ActiveCfg = Release|Any CPU
		{E5AB6277-F41A-4740-A329-89EF86B94A30}.AppStore|ARM.Build.0 = Release|Any CPU
		{E5AB6277-F41A-4740-A329-89EF86B94A30}.AppStore|iPhone.ActiveCfg = Release|Any CPU
		{E5AB6277-F41A-4740-A329-89EF86B94A30}.AppStore|iPhone.Build.0 = Release|Any CPU
		{E5AB6277-F41A-4740-A329-89EF86B94A30}.AppStore|iPhoneSimulator.ActiveCfg = Release|Any CPU
		{E5AB6277-F41A-4740-A329-89EF86B94A30}.AppStore|iPhoneSimulator.Build.0 = Release|Any CPU
		{E5AB6277-F41A-4740-A329-89EF86B94A30}.AppStore|x64.ActiveCfg = Release|Any CPU
		{E5AB6277-F41A-4740-A329-89EF86B94A30}.AppStore|x64.Build.0 = Release|Any CPU
		{E5AB6277-F41A-4740-A329-89EF86B94A30}.AppStore|x86.ActiveCfg = Release|Any CPU
		{E5AB6277-F41A-4740-A329-89EF86B94A30}.AppStore|x86.Build.0 = Release|Any CPU
		{E5AB6277-F41A-4740-A329-89EF86B94A30}.Debug|Any CPU.ActiveCfg = Debug|Any CPU
		{E5AB6277-F41A-4740-A329-89EF86B94A30}.Debug|Any CPU.Build.0 = Debug|Any CPU
		{E5AB6277-F41A-4740-A329-89EF86B94A30}.Debug|ARM.ActiveCfg = Debug|Any CPU
		{E5AB6277-F41A-4740-A329-89EF86B94A30}.Debug|ARM.Build.0 = Debug|Any CPU
		{E5AB6277-F41A-4740-A329-89EF86B94A30}.Debug|iPhone.ActiveCfg = Debug|Any CPU
		{E5AB6277-F41A-4740-A329-89EF86B94A30}.Debug|iPhone.Build.0 = Debug|Any CPU
		{E5AB6277-F41A-4740-A329-89EF86B94A30}.Debug|iPhoneSimulator.ActiveCfg = Debug|Any CPU
		{E5AB6277-F41A-4740-A329-89EF86B94A30}.Debug|iPhoneSimulator.Build.0 = Debug|Any CPU
		{E5AB6277-F41A-4740-A329-89EF86B94A30}.Debug|x64.ActiveCfg = Debug|Any CPU
		{E5AB6277-F41A-4740-A329-89EF86B94A30}.Debug|x64.Build.0 = Debug|Any CPU
		{E5AB6277-F41A-4740-A329-89EF86B94A30}.Debug|x86.ActiveCfg = Debug|Any CPU
		{E5AB6277-F41A-4740-A329-89EF86B94A30}.Debug|x86.Build.0 = Debug|Any CPU
		{E5AB6277-F41A-4740-A329-89EF86B94A30}.Release|Any CPU.ActiveCfg = Release|Any CPU
		{E5AB6277-F41A-4740-A329-89EF86B94A30}.Release|Any CPU.Build.0 = Release|Any CPU
		{E5AB6277-F41A-4740-A329-89EF86B94A30}.Release|ARM.ActiveCfg = Release|Any CPU
		{E5AB6277-F41A-4740-A329-89EF86B94A30}.Release|ARM.Build.0 = Release|Any CPU
		{E5AB6277-F41A-4740-A329-89EF86B94A30}.Release|iPhone.ActiveCfg = Release|Any CPU
		{E5AB6277-F41A-4740-A329-89EF86B94A30}.Release|iPhone.Build.0 = Release|Any CPU
		{E5AB6277-F41A-4740-A329-89EF86B94A30}.Release|iPhoneSimulator.ActiveCfg = Release|Any CPU
		{E5AB6277-F41A-4740-A329-89EF86B94A30}.Release|iPhoneSimulator.Build.0 = Release|Any CPU
		{E5AB6277-F41A-4740-A329-89EF86B94A30}.Release|x64.ActiveCfg = Release|Any CPU
		{E5AB6277-F41A-4740-A329-89EF86B94A30}.Release|x64.Build.0 = Release|Any CPU
		{E5AB6277-F41A-4740-A329-89EF86B94A30}.Release|x86.ActiveCfg = Release|Any CPU
		{E5AB6277-F41A-4740-A329-89EF86B94A30}.Release|x86.Build.0 = Release|Any CPU
		{F8938223-BA99-4F83-8488-FD068F123101}.Ad-Hoc|Any CPU.ActiveCfg = Release|Any CPU
		{F8938223-BA99-4F83-8488-FD068F123101}.Ad-Hoc|Any CPU.Build.0 = Release|Any CPU
		{F8938223-BA99-4F83-8488-FD068F123101}.Ad-Hoc|ARM.ActiveCfg = Release|Any CPU
		{F8938223-BA99-4F83-8488-FD068F123101}.Ad-Hoc|ARM.Build.0 = Release|Any CPU
		{F8938223-BA99-4F83-8488-FD068F123101}.Ad-Hoc|iPhone.ActiveCfg = Release|Any CPU
		{F8938223-BA99-4F83-8488-FD068F123101}.Ad-Hoc|iPhone.Build.0 = Release|Any CPU
		{F8938223-BA99-4F83-8488-FD068F123101}.Ad-Hoc|iPhoneSimulator.ActiveCfg = Release|Any CPU
		{F8938223-BA99-4F83-8488-FD068F123101}.Ad-Hoc|iPhoneSimulator.Build.0 = Release|Any CPU
		{F8938223-BA99-4F83-8488-FD068F123101}.Ad-Hoc|x64.ActiveCfg = Release|Any CPU
		{F8938223-BA99-4F83-8488-FD068F123101}.Ad-Hoc|x64.Build.0 = Release|Any CPU
		{F8938223-BA99-4F83-8488-FD068F123101}.Ad-Hoc|x86.ActiveCfg = Release|Any CPU
		{F8938223-BA99-4F83-8488-FD068F123101}.Ad-Hoc|x86.Build.0 = Release|Any CPU
		{F8938223-BA99-4F83-8488-FD068F123101}.AppStore|Any CPU.ActiveCfg = Release|Any CPU
		{F8938223-BA99-4F83-8488-FD068F123101}.AppStore|Any CPU.Build.0 = Release|Any CPU
		{F8938223-BA99-4F83-8488-FD068F123101}.AppStore|ARM.ActiveCfg = Release|Any CPU
		{F8938223-BA99-4F83-8488-FD068F123101}.AppStore|ARM.Build.0 = Release|Any CPU
		{F8938223-BA99-4F83-8488-FD068F123101}.AppStore|iPhone.ActiveCfg = Release|Any CPU
		{F8938223-BA99-4F83-8488-FD068F123101}.AppStore|iPhone.Build.0 = Release|Any CPU
		{F8938223-BA99-4F83-8488-FD068F123101}.AppStore|iPhoneSimulator.ActiveCfg = Release|Any CPU
		{F8938223-BA99-4F83-8488-FD068F123101}.AppStore|iPhoneSimulator.Build.0 = Release|Any CPU
		{F8938223-BA99-4F83-8488-FD068F123101}.AppStore|x64.ActiveCfg = Release|Any CPU
		{F8938223-BA99-4F83-8488-FD068F123101}.AppStore|x64.Build.0 = Release|Any CPU
		{F8938223-BA99-4F83-8488-FD068F123101}.AppStore|x86.ActiveCfg = Release|Any CPU
		{F8938223-BA99-4F83-8488-FD068F123101}.AppStore|x86.Build.0 = Release|Any CPU
		{F8938223-BA99-4F83-8488-FD068F123101}.Debug|Any CPU.ActiveCfg = Debug|Any CPU
		{F8938223-BA99-4F83-8488-FD068F123101}.Debug|Any CPU.Build.0 = Debug|Any CPU
		{F8938223-BA99-4F83-8488-FD068F123101}.Debug|ARM.ActiveCfg = Debug|Any CPU
		{F8938223-BA99-4F83-8488-FD068F123101}.Debug|ARM.Build.0 = Debug|Any CPU
		{F8938223-BA99-4F83-8488-FD068F123101}.Debug|iPhone.ActiveCfg = Debug|Any CPU
		{F8938223-BA99-4F83-8488-FD068F123101}.Debug|iPhone.Build.0 = Debug|Any CPU
		{F8938223-BA99-4F83-8488-FD068F123101}.Debug|iPhoneSimulator.ActiveCfg = Debug|Any CPU
		{F8938223-BA99-4F83-8488-FD068F123101}.Debug|iPhoneSimulator.Build.0 = Debug|Any CPU
		{F8938223-BA99-4F83-8488-FD068F123101}.Debug|x64.ActiveCfg = Debug|Any CPU
		{F8938223-BA99-4F83-8488-FD068F123101}.Debug|x64.Build.0 = Debug|Any CPU
		{F8938223-BA99-4F83-8488-FD068F123101}.Debug|x86.ActiveCfg = Debug|Any CPU
		{F8938223-BA99-4F83-8488-FD068F123101}.Debug|x86.Build.0 = Debug|Any CPU
		{F8938223-BA99-4F83-8488-FD068F123101}.Release|Any CPU.ActiveCfg = Release|Any CPU
		{F8938223-BA99-4F83-8488-FD068F123101}.Release|Any CPU.Build.0 = Release|Any CPU
		{F8938223-BA99-4F83-8488-FD068F123101}.Release|ARM.ActiveCfg = Release|Any CPU
		{F8938223-BA99-4F83-8488-FD068F123101}.Release|ARM.Build.0 = Release|Any CPU
		{F8938223-BA99-4F83-8488-FD068F123101}.Release|iPhone.ActiveCfg = Release|Any CPU
		{F8938223-BA99-4F83-8488-FD068F123101}.Release|iPhone.Build.0 = Release|Any CPU
		{F8938223-BA99-4F83-8488-FD068F123101}.Release|iPhoneSimulator.ActiveCfg = Release|Any CPU
		{F8938223-BA99-4F83-8488-FD068F123101}.Release|iPhoneSimulator.Build.0 = Release|Any CPU
		{F8938223-BA99-4F83-8488-FD068F123101}.Release|x64.ActiveCfg = Release|Any CPU
		{F8938223-BA99-4F83-8488-FD068F123101}.Release|x64.Build.0 = Release|Any CPU
		{F8938223-BA99-4F83-8488-FD068F123101}.Release|x86.ActiveCfg = Release|Any CPU
		{F8938223-BA99-4F83-8488-FD068F123101}.Release|x86.Build.0 = Release|Any CPU
		{C60D31CB-D155-4192-A056-BD164D2E4551}.Ad-Hoc|Any CPU.ActiveCfg = Release|Any CPU
		{C60D31CB-D155-4192-A056-BD164D2E4551}.Ad-Hoc|Any CPU.Build.0 = Release|Any CPU
		{C60D31CB-D155-4192-A056-BD164D2E4551}.Ad-Hoc|ARM.ActiveCfg = Release|Any CPU
		{C60D31CB-D155-4192-A056-BD164D2E4551}.Ad-Hoc|ARM.Build.0 = Release|Any CPU
		{C60D31CB-D155-4192-A056-BD164D2E4551}.Ad-Hoc|iPhone.ActiveCfg = Release|Any CPU
		{C60D31CB-D155-4192-A056-BD164D2E4551}.Ad-Hoc|iPhone.Build.0 = Release|Any CPU
		{C60D31CB-D155-4192-A056-BD164D2E4551}.Ad-Hoc|iPhoneSimulator.ActiveCfg = Release|Any CPU
		{C60D31CB-D155-4192-A056-BD164D2E4551}.Ad-Hoc|iPhoneSimulator.Build.0 = Release|Any CPU
		{C60D31CB-D155-4192-A056-BD164D2E4551}.Ad-Hoc|x64.ActiveCfg = Release|Any CPU
		{C60D31CB-D155-4192-A056-BD164D2E4551}.Ad-Hoc|x64.Build.0 = Release|Any CPU
		{C60D31CB-D155-4192-A056-BD164D2E4551}.Ad-Hoc|x86.ActiveCfg = Release|Any CPU
		{C60D31CB-D155-4192-A056-BD164D2E4551}.Ad-Hoc|x86.Build.0 = Release|Any CPU
		{C60D31CB-D155-4192-A056-BD164D2E4551}.AppStore|Any CPU.ActiveCfg = Release|Any CPU
		{C60D31CB-D155-4192-A056-BD164D2E4551}.AppStore|Any CPU.Build.0 = Release|Any CPU
		{C60D31CB-D155-4192-A056-BD164D2E4551}.AppStore|ARM.ActiveCfg = Release|Any CPU
		{C60D31CB-D155-4192-A056-BD164D2E4551}.AppStore|ARM.Build.0 = Release|Any CPU
		{C60D31CB-D155-4192-A056-BD164D2E4551}.AppStore|iPhone.ActiveCfg = Release|Any CPU
		{C60D31CB-D155-4192-A056-BD164D2E4551}.AppStore|iPhone.Build.0 = Release|Any CPU
		{C60D31CB-D155-4192-A056-BD164D2E4551}.AppStore|iPhoneSimulator.ActiveCfg = Release|Any CPU
		{C60D31CB-D155-4192-A056-BD164D2E4551}.AppStore|iPhoneSimulator.Build.0 = Release|Any CPU
		{C60D31CB-D155-4192-A056-BD164D2E4551}.AppStore|x64.ActiveCfg = Release|Any CPU
		{C60D31CB-D155-4192-A056-BD164D2E4551}.AppStore|x64.Build.0 = Release|Any CPU
		{C60D31CB-D155-4192-A056-BD164D2E4551}.AppStore|x86.ActiveCfg = Release|Any CPU
		{C60D31CB-D155-4192-A056-BD164D2E4551}.AppStore|x86.Build.0 = Release|Any CPU
		{C60D31CB-D155-4192-A056-BD164D2E4551}.Debug|Any CPU.ActiveCfg = Debug|Any CPU
		{C60D31CB-D155-4192-A056-BD164D2E4551}.Debug|Any CPU.Build.0 = Debug|Any CPU
		{C60D31CB-D155-4192-A056-BD164D2E4551}.Debug|ARM.ActiveCfg = Debug|Any CPU
		{C60D31CB-D155-4192-A056-BD164D2E4551}.Debug|ARM.Build.0 = Debug|Any CPU
		{C60D31CB-D155-4192-A056-BD164D2E4551}.Debug|iPhone.ActiveCfg = Debug|Any CPU
		{C60D31CB-D155-4192-A056-BD164D2E4551}.Debug|iPhone.Build.0 = Debug|Any CPU
		{C60D31CB-D155-4192-A056-BD164D2E4551}.Debug|iPhoneSimulator.ActiveCfg = Debug|Any CPU
		{C60D31CB-D155-4192-A056-BD164D2E4551}.Debug|iPhoneSimulator.Build.0 = Debug|Any CPU
		{C60D31CB-D155-4192-A056-BD164D2E4551}.Debug|x64.ActiveCfg = Debug|Any CPU
		{C60D31CB-D155-4192-A056-BD164D2E4551}.Debug|x64.Build.0 = Debug|Any CPU
		{C60D31CB-D155-4192-A056-BD164D2E4551}.Debug|x86.ActiveCfg = Debug|Any CPU
		{C60D31CB-D155-4192-A056-BD164D2E4551}.Debug|x86.Build.0 = Debug|Any CPU
		{C60D31CB-D155-4192-A056-BD164D2E4551}.Release|Any CPU.ActiveCfg = Release|Any CPU
		{C60D31CB-D155-4192-A056-BD164D2E4551}.Release|Any CPU.Build.0 = Release|Any CPU
		{C60D31CB-D155-4192-A056-BD164D2E4551}.Release|ARM.ActiveCfg = Release|Any CPU
		{C60D31CB-D155-4192-A056-BD164D2E4551}.Release|ARM.Build.0 = Release|Any CPU
		{C60D31CB-D155-4192-A056-BD164D2E4551}.Release|iPhone.ActiveCfg = Release|Any CPU
		{C60D31CB-D155-4192-A056-BD164D2E4551}.Release|iPhone.Build.0 = Release|Any CPU
		{C60D31CB-D155-4192-A056-BD164D2E4551}.Release|iPhoneSimulator.ActiveCfg = Release|Any CPU
		{C60D31CB-D155-4192-A056-BD164D2E4551}.Release|iPhoneSimulator.Build.0 = Release|Any CPU
		{C60D31CB-D155-4192-A056-BD164D2E4551}.Release|x64.ActiveCfg = Release|Any CPU
		{C60D31CB-D155-4192-A056-BD164D2E4551}.Release|x64.Build.0 = Release|Any CPU
		{C60D31CB-D155-4192-A056-BD164D2E4551}.Release|x86.ActiveCfg = Release|Any CPU
		{C60D31CB-D155-4192-A056-BD164D2E4551}.Release|x86.Build.0 = Release|Any CPU
		{826150F5-2634-4C6F-AAF9-446493B19DB2}.Ad-Hoc|Any CPU.ActiveCfg = Release|Any CPU
		{826150F5-2634-4C6F-AAF9-446493B19DB2}.Ad-Hoc|Any CPU.Build.0 = Release|Any CPU
		{826150F5-2634-4C6F-AAF9-446493B19DB2}.Ad-Hoc|ARM.ActiveCfg = Release|Any CPU
		{826150F5-2634-4C6F-AAF9-446493B19DB2}.Ad-Hoc|ARM.Build.0 = Release|Any CPU
		{826150F5-2634-4C6F-AAF9-446493B19DB2}.Ad-Hoc|iPhone.ActiveCfg = Release|Any CPU
		{826150F5-2634-4C6F-AAF9-446493B19DB2}.Ad-Hoc|iPhone.Build.0 = Release|Any CPU
		{826150F5-2634-4C6F-AAF9-446493B19DB2}.Ad-Hoc|iPhoneSimulator.ActiveCfg = Release|Any CPU
		{826150F5-2634-4C6F-AAF9-446493B19DB2}.Ad-Hoc|iPhoneSimulator.Build.0 = Release|Any CPU
		{826150F5-2634-4C6F-AAF9-446493B19DB2}.Ad-Hoc|x64.ActiveCfg = Release|Any CPU
		{826150F5-2634-4C6F-AAF9-446493B19DB2}.Ad-Hoc|x64.Build.0 = Release|Any CPU
		{826150F5-2634-4C6F-AAF9-446493B19DB2}.Ad-Hoc|x86.ActiveCfg = Release|Any CPU
		{826150F5-2634-4C6F-AAF9-446493B19DB2}.Ad-Hoc|x86.Build.0 = Release|Any CPU
		{826150F5-2634-4C6F-AAF9-446493B19DB2}.AppStore|Any CPU.ActiveCfg = Release|Any CPU
		{826150F5-2634-4C6F-AAF9-446493B19DB2}.AppStore|Any CPU.Build.0 = Release|Any CPU
		{826150F5-2634-4C6F-AAF9-446493B19DB2}.AppStore|ARM.ActiveCfg = Release|Any CPU
		{826150F5-2634-4C6F-AAF9-446493B19DB2}.AppStore|ARM.Build.0 = Release|Any CPU
		{826150F5-2634-4C6F-AAF9-446493B19DB2}.AppStore|iPhone.ActiveCfg = Release|Any CPU
		{826150F5-2634-4C6F-AAF9-446493B19DB2}.AppStore|iPhone.Build.0 = Release|Any CPU
		{826150F5-2634-4C6F-AAF9-446493B19DB2}.AppStore|iPhoneSimulator.ActiveCfg = Release|Any CPU
		{826150F5-2634-4C6F-AAF9-446493B19DB2}.AppStore|iPhoneSimulator.Build.0 = Release|Any CPU
		{826150F5-2634-4C6F-AAF9-446493B19DB2}.AppStore|x64.ActiveCfg = Release|Any CPU
		{826150F5-2634-4C6F-AAF9-446493B19DB2}.AppStore|x64.Build.0 = Release|Any CPU
		{826150F5-2634-4C6F-AAF9-446493B19DB2}.AppStore|x86.ActiveCfg = Release|Any CPU
		{826150F5-2634-4C6F-AAF9-446493B19DB2}.AppStore|x86.Build.0 = Release|Any CPU
		{826150F5-2634-4C6F-AAF9-446493B19DB2}.Debug|Any CPU.ActiveCfg = Debug|Any CPU
		{826150F5-2634-4C6F-AAF9-446493B19DB2}.Debug|Any CPU.Build.0 = Debug|Any CPU
		{826150F5-2634-4C6F-AAF9-446493B19DB2}.Debug|ARM.ActiveCfg = Debug|Any CPU
		{826150F5-2634-4C6F-AAF9-446493B19DB2}.Debug|ARM.Build.0 = Debug|Any CPU
		{826150F5-2634-4C6F-AAF9-446493B19DB2}.Debug|iPhone.ActiveCfg = Debug|Any CPU
		{826150F5-2634-4C6F-AAF9-446493B19DB2}.Debug|iPhone.Build.0 = Debug|Any CPU
		{826150F5-2634-4C6F-AAF9-446493B19DB2}.Debug|iPhoneSimulator.ActiveCfg = Debug|Any CPU
		{826150F5-2634-4C6F-AAF9-446493B19DB2}.Debug|iPhoneSimulator.Build.0 = Debug|Any CPU
		{826150F5-2634-4C6F-AAF9-446493B19DB2}.Debug|x64.ActiveCfg = Debug|Any CPU
		{826150F5-2634-4C6F-AAF9-446493B19DB2}.Debug|x64.Build.0 = Debug|Any CPU
		{826150F5-2634-4C6F-AAF9-446493B19DB2}.Debug|x86.ActiveCfg = Debug|Any CPU
		{826150F5-2634-4C6F-AAF9-446493B19DB2}.Debug|x86.Build.0 = Debug|Any CPU
		{826150F5-2634-4C6F-AAF9-446493B19DB2}.Release|Any CPU.ActiveCfg = Release|Any CPU
		{826150F5-2634-4C6F-AAF9-446493B19DB2}.Release|Any CPU.Build.0 = Release|Any CPU
		{826150F5-2634-4C6F-AAF9-446493B19DB2}.Release|ARM.ActiveCfg = Release|Any CPU
		{826150F5-2634-4C6F-AAF9-446493B19DB2}.Release|ARM.Build.0 = Release|Any CPU
		{826150F5-2634-4C6F-AAF9-446493B19DB2}.Release|iPhone.ActiveCfg = Release|Any CPU
		{826150F5-2634-4C6F-AAF9-446493B19DB2}.Release|iPhone.Build.0 = Release|Any CPU
		{826150F5-2634-4C6F-AAF9-446493B19DB2}.Release|iPhoneSimulator.ActiveCfg = Release|Any CPU
		{826150F5-2634-4C6F-AAF9-446493B19DB2}.Release|iPhoneSimulator.Build.0 = Release|Any CPU
		{826150F5-2634-4C6F-AAF9-446493B19DB2}.Release|x64.ActiveCfg = Release|Any CPU
		{826150F5-2634-4C6F-AAF9-446493B19DB2}.Release|x64.Build.0 = Release|Any CPU
		{826150F5-2634-4C6F-AAF9-446493B19DB2}.Release|x86.ActiveCfg = Release|Any CPU
		{826150F5-2634-4C6F-AAF9-446493B19DB2}.Release|x86.Build.0 = Release|Any CPU
		{73A1954E-0C49-436B-87D4-16B8CA11F46C}.Ad-Hoc|Any CPU.ActiveCfg = Release|Any CPU
		{73A1954E-0C49-436B-87D4-16B8CA11F46C}.Ad-Hoc|Any CPU.Build.0 = Release|Any CPU
		{73A1954E-0C49-436B-87D4-16B8CA11F46C}.Ad-Hoc|ARM.ActiveCfg = Release|Any CPU
		{73A1954E-0C49-436B-87D4-16B8CA11F46C}.Ad-Hoc|ARM.Build.0 = Release|Any CPU
		{73A1954E-0C49-436B-87D4-16B8CA11F46C}.Ad-Hoc|iPhone.ActiveCfg = Release|Any CPU
		{73A1954E-0C49-436B-87D4-16B8CA11F46C}.Ad-Hoc|iPhone.Build.0 = Release|Any CPU
		{73A1954E-0C49-436B-87D4-16B8CA11F46C}.Ad-Hoc|iPhoneSimulator.ActiveCfg = Release|Any CPU
		{73A1954E-0C49-436B-87D4-16B8CA11F46C}.Ad-Hoc|iPhoneSimulator.Build.0 = Release|Any CPU
		{73A1954E-0C49-436B-87D4-16B8CA11F46C}.Ad-Hoc|x64.ActiveCfg = Release|Any CPU
		{73A1954E-0C49-436B-87D4-16B8CA11F46C}.Ad-Hoc|x64.Build.0 = Release|Any CPU
		{73A1954E-0C49-436B-87D4-16B8CA11F46C}.Ad-Hoc|x86.ActiveCfg = Release|Any CPU
		{73A1954E-0C49-436B-87D4-16B8CA11F46C}.Ad-Hoc|x86.Build.0 = Release|Any CPU
		{73A1954E-0C49-436B-87D4-16B8CA11F46C}.AppStore|Any CPU.ActiveCfg = Release|Any CPU
		{73A1954E-0C49-436B-87D4-16B8CA11F46C}.AppStore|Any CPU.Build.0 = Release|Any CPU
		{73A1954E-0C49-436B-87D4-16B8CA11F46C}.AppStore|ARM.ActiveCfg = Release|Any CPU
		{73A1954E-0C49-436B-87D4-16B8CA11F46C}.AppStore|ARM.Build.0 = Release|Any CPU
		{73A1954E-0C49-436B-87D4-16B8CA11F46C}.AppStore|iPhone.ActiveCfg = Release|Any CPU
		{73A1954E-0C49-436B-87D4-16B8CA11F46C}.AppStore|iPhone.Build.0 = Release|Any CPU
		{73A1954E-0C49-436B-87D4-16B8CA11F46C}.AppStore|iPhoneSimulator.ActiveCfg = Release|Any CPU
		{73A1954E-0C49-436B-87D4-16B8CA11F46C}.AppStore|iPhoneSimulator.Build.0 = Release|Any CPU
		{73A1954E-0C49-436B-87D4-16B8CA11F46C}.AppStore|x64.ActiveCfg = Release|Any CPU
		{73A1954E-0C49-436B-87D4-16B8CA11F46C}.AppStore|x64.Build.0 = Release|Any CPU
		{73A1954E-0C49-436B-87D4-16B8CA11F46C}.AppStore|x86.ActiveCfg = Release|Any CPU
		{73A1954E-0C49-436B-87D4-16B8CA11F46C}.AppStore|x86.Build.0 = Release|Any CPU
		{73A1954E-0C49-436B-87D4-16B8CA11F46C}.Debug|Any CPU.ActiveCfg = Debug|Any CPU
		{73A1954E-0C49-436B-87D4-16B8CA11F46C}.Debug|Any CPU.Build.0 = Debug|Any CPU
		{73A1954E-0C49-436B-87D4-16B8CA11F46C}.Debug|ARM.ActiveCfg = Debug|Any CPU
		{73A1954E-0C49-436B-87D4-16B8CA11F46C}.Debug|ARM.Build.0 = Debug|Any CPU
		{73A1954E-0C49-436B-87D4-16B8CA11F46C}.Debug|iPhone.ActiveCfg = Debug|Any CPU
		{73A1954E-0C49-436B-87D4-16B8CA11F46C}.Debug|iPhone.Build.0 = Debug|Any CPU
		{73A1954E-0C49-436B-87D4-16B8CA11F46C}.Debug|iPhoneSimulator.ActiveCfg = Debug|Any CPU
		{73A1954E-0C49-436B-87D4-16B8CA11F46C}.Debug|iPhoneSimulator.Build.0 = Debug|Any CPU
		{73A1954E-0C49-436B-87D4-16B8CA11F46C}.Debug|x64.ActiveCfg = Debug|Any CPU
		{73A1954E-0C49-436B-87D4-16B8CA11F46C}.Debug|x64.Build.0 = Debug|Any CPU
		{73A1954E-0C49-436B-87D4-16B8CA11F46C}.Debug|x86.ActiveCfg = Debug|Any CPU
		{73A1954E-0C49-436B-87D4-16B8CA11F46C}.Debug|x86.Build.0 = Debug|Any CPU
		{73A1954E-0C49-436B-87D4-16B8CA11F46C}.Release|Any CPU.ActiveCfg = Release|Any CPU
		{73A1954E-0C49-436B-87D4-16B8CA11F46C}.Release|Any CPU.Build.0 = Release|Any CPU
		{73A1954E-0C49-436B-87D4-16B8CA11F46C}.Release|ARM.ActiveCfg = Release|Any CPU
		{73A1954E-0C49-436B-87D4-16B8CA11F46C}.Release|ARM.Build.0 = Release|Any CPU
		{73A1954E-0C49-436B-87D4-16B8CA11F46C}.Release|iPhone.ActiveCfg = Release|Any CPU
		{73A1954E-0C49-436B-87D4-16B8CA11F46C}.Release|iPhone.Build.0 = Release|Any CPU
		{73A1954E-0C49-436B-87D4-16B8CA11F46C}.Release|iPhoneSimulator.ActiveCfg = Release|Any CPU
		{73A1954E-0C49-436B-87D4-16B8CA11F46C}.Release|iPhoneSimulator.Build.0 = Release|Any CPU
		{73A1954E-0C49-436B-87D4-16B8CA11F46C}.Release|x64.ActiveCfg = Release|Any CPU
		{73A1954E-0C49-436B-87D4-16B8CA11F46C}.Release|x64.Build.0 = Release|Any CPU
		{73A1954E-0C49-436B-87D4-16B8CA11F46C}.Release|x86.ActiveCfg = Release|Any CPU
		{73A1954E-0C49-436B-87D4-16B8CA11F46C}.Release|x86.Build.0 = Release|Any CPU
		{9682A8BE-7907-4456-AFD4-D6F5FBB8FD35}.Ad-Hoc|Any CPU.ActiveCfg = Release|Any CPU
		{9682A8BE-7907-4456-AFD4-D6F5FBB8FD35}.Ad-Hoc|Any CPU.Build.0 = Release|Any CPU
		{9682A8BE-7907-4456-AFD4-D6F5FBB8FD35}.Ad-Hoc|ARM.ActiveCfg = Release|Any CPU
		{9682A8BE-7907-4456-AFD4-D6F5FBB8FD35}.Ad-Hoc|ARM.Build.0 = Release|Any CPU
		{9682A8BE-7907-4456-AFD4-D6F5FBB8FD35}.Ad-Hoc|iPhone.ActiveCfg = Release|Any CPU
		{9682A8BE-7907-4456-AFD4-D6F5FBB8FD35}.Ad-Hoc|iPhone.Build.0 = Release|Any CPU
		{9682A8BE-7907-4456-AFD4-D6F5FBB8FD35}.Ad-Hoc|iPhoneSimulator.ActiveCfg = Release|Any CPU
		{9682A8BE-7907-4456-AFD4-D6F5FBB8FD35}.Ad-Hoc|iPhoneSimulator.Build.0 = Release|Any CPU
		{9682A8BE-7907-4456-AFD4-D6F5FBB8FD35}.Ad-Hoc|x64.ActiveCfg = Release|Any CPU
		{9682A8BE-7907-4456-AFD4-D6F5FBB8FD35}.Ad-Hoc|x64.Build.0 = Release|Any CPU
		{9682A8BE-7907-4456-AFD4-D6F5FBB8FD35}.Ad-Hoc|x86.ActiveCfg = Release|Any CPU
		{9682A8BE-7907-4456-AFD4-D6F5FBB8FD35}.Ad-Hoc|x86.Build.0 = Release|Any CPU
		{9682A8BE-7907-4456-AFD4-D6F5FBB8FD35}.AppStore|Any CPU.ActiveCfg = Release|Any CPU
		{9682A8BE-7907-4456-AFD4-D6F5FBB8FD35}.AppStore|Any CPU.Build.0 = Release|Any CPU
		{9682A8BE-7907-4456-AFD4-D6F5FBB8FD35}.AppStore|ARM.ActiveCfg = Release|Any CPU
		{9682A8BE-7907-4456-AFD4-D6F5FBB8FD35}.AppStore|ARM.Build.0 = Release|Any CPU
		{9682A8BE-7907-4456-AFD4-D6F5FBB8FD35}.AppStore|iPhone.ActiveCfg = Release|Any CPU
		{9682A8BE-7907-4456-AFD4-D6F5FBB8FD35}.AppStore|iPhone.Build.0 = Release|Any CPU
		{9682A8BE-7907-4456-AFD4-D6F5FBB8FD35}.AppStore|iPhoneSimulator.ActiveCfg = Release|Any CPU
		{9682A8BE-7907-4456-AFD4-D6F5FBB8FD35}.AppStore|iPhoneSimulator.Build.0 = Release|Any CPU
		{9682A8BE-7907-4456-AFD4-D6F5FBB8FD35}.AppStore|x64.ActiveCfg = Release|Any CPU
		{9682A8BE-7907-4456-AFD4-D6F5FBB8FD35}.AppStore|x64.Build.0 = Release|Any CPU
		{9682A8BE-7907-4456-AFD4-D6F5FBB8FD35}.AppStore|x86.ActiveCfg = Release|Any CPU
		{9682A8BE-7907-4456-AFD4-D6F5FBB8FD35}.AppStore|x86.Build.0 = Release|Any CPU
		{9682A8BE-7907-4456-AFD4-D6F5FBB8FD35}.Debug|Any CPU.ActiveCfg = Debug|Any CPU
		{9682A8BE-7907-4456-AFD4-D6F5FBB8FD35}.Debug|Any CPU.Build.0 = Debug|Any CPU
		{9682A8BE-7907-4456-AFD4-D6F5FBB8FD35}.Debug|ARM.ActiveCfg = Debug|Any CPU
		{9682A8BE-7907-4456-AFD4-D6F5FBB8FD35}.Debug|ARM.Build.0 = Debug|Any CPU
		{9682A8BE-7907-4456-AFD4-D6F5FBB8FD35}.Debug|iPhone.ActiveCfg = Debug|Any CPU
		{9682A8BE-7907-4456-AFD4-D6F5FBB8FD35}.Debug|iPhone.Build.0 = Debug|Any CPU
		{9682A8BE-7907-4456-AFD4-D6F5FBB8FD35}.Debug|iPhoneSimulator.ActiveCfg = Debug|Any CPU
		{9682A8BE-7907-4456-AFD4-D6F5FBB8FD35}.Debug|iPhoneSimulator.Build.0 = Debug|Any CPU
		{9682A8BE-7907-4456-AFD4-D6F5FBB8FD35}.Debug|x64.ActiveCfg = Debug|Any CPU
		{9682A8BE-7907-4456-AFD4-D6F5FBB8FD35}.Debug|x64.Build.0 = Debug|Any CPU
		{9682A8BE-7907-4456-AFD4-D6F5FBB8FD35}.Debug|x86.ActiveCfg = Debug|Any CPU
		{9682A8BE-7907-4456-AFD4-D6F5FBB8FD35}.Debug|x86.Build.0 = Debug|Any CPU
		{9682A8BE-7907-4456-AFD4-D6F5FBB8FD35}.Release|Any CPU.ActiveCfg = Release|Any CPU
		{9682A8BE-7907-4456-AFD4-D6F5FBB8FD35}.Release|Any CPU.Build.0 = Release|Any CPU
		{9682A8BE-7907-4456-AFD4-D6F5FBB8FD35}.Release|ARM.ActiveCfg = Release|Any CPU
		{9682A8BE-7907-4456-AFD4-D6F5FBB8FD35}.Release|ARM.Build.0 = Release|Any CPU
		{9682A8BE-7907-4456-AFD4-D6F5FBB8FD35}.Release|iPhone.ActiveCfg = Release|Any CPU
		{9682A8BE-7907-4456-AFD4-D6F5FBB8FD35}.Release|iPhone.Build.0 = Release|Any CPU
		{9682A8BE-7907-4456-AFD4-D6F5FBB8FD35}.Release|iPhoneSimulator.ActiveCfg = Release|Any CPU
		{9682A8BE-7907-4456-AFD4-D6F5FBB8FD35}.Release|iPhoneSimulator.Build.0 = Release|Any CPU
		{9682A8BE-7907-4456-AFD4-D6F5FBB8FD35}.Release|x64.ActiveCfg = Release|Any CPU
		{9682A8BE-7907-4456-AFD4-D6F5FBB8FD35}.Release|x64.Build.0 = Release|Any CPU
		{9682A8BE-7907-4456-AFD4-D6F5FBB8FD35}.Release|x86.ActiveCfg = Release|Any CPU
		{9682A8BE-7907-4456-AFD4-D6F5FBB8FD35}.Release|x86.Build.0 = Release|Any CPU
		{3FF42FEB-B8B6-4A03-A927-C70BDE5D724C}.Ad-Hoc|Any CPU.ActiveCfg = Release|Any CPU
		{3FF42FEB-B8B6-4A03-A927-C70BDE5D724C}.Ad-Hoc|Any CPU.Build.0 = Release|Any CPU
		{3FF42FEB-B8B6-4A03-A927-C70BDE5D724C}.Ad-Hoc|ARM.ActiveCfg = Release|Any CPU
		{3FF42FEB-B8B6-4A03-A927-C70BDE5D724C}.Ad-Hoc|ARM.Build.0 = Release|Any CPU
		{3FF42FEB-B8B6-4A03-A927-C70BDE5D724C}.Ad-Hoc|iPhone.ActiveCfg = Release|Any CPU
		{3FF42FEB-B8B6-4A03-A927-C70BDE5D724C}.Ad-Hoc|iPhone.Build.0 = Release|Any CPU
		{3FF42FEB-B8B6-4A03-A927-C70BDE5D724C}.Ad-Hoc|iPhoneSimulator.ActiveCfg = Release|Any CPU
		{3FF42FEB-B8B6-4A03-A927-C70BDE5D724C}.Ad-Hoc|iPhoneSimulator.Build.0 = Release|Any CPU
		{3FF42FEB-B8B6-4A03-A927-C70BDE5D724C}.Ad-Hoc|x64.ActiveCfg = Release|Any CPU
		{3FF42FEB-B8B6-4A03-A927-C70BDE5D724C}.Ad-Hoc|x64.Build.0 = Release|Any CPU
		{3FF42FEB-B8B6-4A03-A927-C70BDE5D724C}.Ad-Hoc|x86.ActiveCfg = Release|Any CPU
		{3FF42FEB-B8B6-4A03-A927-C70BDE5D724C}.Ad-Hoc|x86.Build.0 = Release|Any CPU
		{3FF42FEB-B8B6-4A03-A927-C70BDE5D724C}.AppStore|Any CPU.ActiveCfg = Release|Any CPU
		{3FF42FEB-B8B6-4A03-A927-C70BDE5D724C}.AppStore|Any CPU.Build.0 = Release|Any CPU
		{3FF42FEB-B8B6-4A03-A927-C70BDE5D724C}.AppStore|ARM.ActiveCfg = Release|Any CPU
		{3FF42FEB-B8B6-4A03-A927-C70BDE5D724C}.AppStore|ARM.Build.0 = Release|Any CPU
		{3FF42FEB-B8B6-4A03-A927-C70BDE5D724C}.AppStore|iPhone.ActiveCfg = Release|Any CPU
		{3FF42FEB-B8B6-4A03-A927-C70BDE5D724C}.AppStore|iPhone.Build.0 = Release|Any CPU
		{3FF42FEB-B8B6-4A03-A927-C70BDE5D724C}.AppStore|iPhoneSimulator.ActiveCfg = Release|Any CPU
		{3FF42FEB-B8B6-4A03-A927-C70BDE5D724C}.AppStore|iPhoneSimulator.Build.0 = Release|Any CPU
		{3FF42FEB-B8B6-4A03-A927-C70BDE5D724C}.AppStore|x64.ActiveCfg = Release|Any CPU
		{3FF42FEB-B8B6-4A03-A927-C70BDE5D724C}.AppStore|x64.Build.0 = Release|Any CPU
		{3FF42FEB-B8B6-4A03-A927-C70BDE5D724C}.AppStore|x86.ActiveCfg = Release|Any CPU
		{3FF42FEB-B8B6-4A03-A927-C70BDE5D724C}.AppStore|x86.Build.0 = Release|Any CPU
		{3FF42FEB-B8B6-4A03-A927-C70BDE5D724C}.Debug|Any CPU.ActiveCfg = Debug|Any CPU
		{3FF42FEB-B8B6-4A03-A927-C70BDE5D724C}.Debug|Any CPU.Build.0 = Debug|Any CPU
		{3FF42FEB-B8B6-4A03-A927-C70BDE5D724C}.Debug|ARM.ActiveCfg = Debug|Any CPU
		{3FF42FEB-B8B6-4A03-A927-C70BDE5D724C}.Debug|ARM.Build.0 = Debug|Any CPU
		{3FF42FEB-B8B6-4A03-A927-C70BDE5D724C}.Debug|iPhone.ActiveCfg = Debug|Any CPU
		{3FF42FEB-B8B6-4A03-A927-C70BDE5D724C}.Debug|iPhone.Build.0 = Debug|Any CPU
		{3FF42FEB-B8B6-4A03-A927-C70BDE5D724C}.Debug|iPhoneSimulator.ActiveCfg = Debug|Any CPU
		{3FF42FEB-B8B6-4A03-A927-C70BDE5D724C}.Debug|iPhoneSimulator.Build.0 = Debug|Any CPU
		{3FF42FEB-B8B6-4A03-A927-C70BDE5D724C}.Debug|x64.ActiveCfg = Debug|Any CPU
		{3FF42FEB-B8B6-4A03-A927-C70BDE5D724C}.Debug|x64.Build.0 = Debug|Any CPU
		{3FF42FEB-B8B6-4A03-A927-C70BDE5D724C}.Debug|x86.ActiveCfg = Debug|Any CPU
		{3FF42FEB-B8B6-4A03-A927-C70BDE5D724C}.Debug|x86.Build.0 = Debug|Any CPU
		{3FF42FEB-B8B6-4A03-A927-C70BDE5D724C}.Release|Any CPU.ActiveCfg = Release|Any CPU
		{3FF42FEB-B8B6-4A03-A927-C70BDE5D724C}.Release|Any CPU.Build.0 = Release|Any CPU
		{3FF42FEB-B8B6-4A03-A927-C70BDE5D724C}.Release|ARM.ActiveCfg = Release|Any CPU
		{3FF42FEB-B8B6-4A03-A927-C70BDE5D724C}.Release|ARM.Build.0 = Release|Any CPU
		{3FF42FEB-B8B6-4A03-A927-C70BDE5D724C}.Release|iPhone.ActiveCfg = Release|Any CPU
		{3FF42FEB-B8B6-4A03-A927-C70BDE5D724C}.Release|iPhone.Build.0 = Release|Any CPU
		{3FF42FEB-B8B6-4A03-A927-C70BDE5D724C}.Release|iPhoneSimulator.ActiveCfg = Release|Any CPU
		{3FF42FEB-B8B6-4A03-A927-C70BDE5D724C}.Release|iPhoneSimulator.Build.0 = Release|Any CPU
		{3FF42FEB-B8B6-4A03-A927-C70BDE5D724C}.Release|x64.ActiveCfg = Release|Any CPU
		{3FF42FEB-B8B6-4A03-A927-C70BDE5D724C}.Release|x64.Build.0 = Release|Any CPU
		{3FF42FEB-B8B6-4A03-A927-C70BDE5D724C}.Release|x86.ActiveCfg = Release|Any CPU
		{3FF42FEB-B8B6-4A03-A927-C70BDE5D724C}.Release|x86.Build.0 = Release|Any CPU
		{21DCD74D-786D-4FA1-B893-5454CA2D8A62}.Ad-Hoc|Any CPU.ActiveCfg = Release|Any CPU
		{21DCD74D-786D-4FA1-B893-5454CA2D8A62}.Ad-Hoc|Any CPU.Build.0 = Release|Any CPU
		{21DCD74D-786D-4FA1-B893-5454CA2D8A62}.Ad-Hoc|ARM.ActiveCfg = Release|Any CPU
		{21DCD74D-786D-4FA1-B893-5454CA2D8A62}.Ad-Hoc|ARM.Build.0 = Release|Any CPU
		{21DCD74D-786D-4FA1-B893-5454CA2D8A62}.Ad-Hoc|iPhone.ActiveCfg = Release|Any CPU
		{21DCD74D-786D-4FA1-B893-5454CA2D8A62}.Ad-Hoc|iPhone.Build.0 = Release|Any CPU
		{21DCD74D-786D-4FA1-B893-5454CA2D8A62}.Ad-Hoc|iPhoneSimulator.ActiveCfg = Release|Any CPU
		{21DCD74D-786D-4FA1-B893-5454CA2D8A62}.Ad-Hoc|iPhoneSimulator.Build.0 = Release|Any CPU
		{21DCD74D-786D-4FA1-B893-5454CA2D8A62}.Ad-Hoc|x64.ActiveCfg = Release|Any CPU
		{21DCD74D-786D-4FA1-B893-5454CA2D8A62}.Ad-Hoc|x64.Build.0 = Release|Any CPU
		{21DCD74D-786D-4FA1-B893-5454CA2D8A62}.Ad-Hoc|x86.ActiveCfg = Release|Any CPU
		{21DCD74D-786D-4FA1-B893-5454CA2D8A62}.Ad-Hoc|x86.Build.0 = Release|Any CPU
		{21DCD74D-786D-4FA1-B893-5454CA2D8A62}.AppStore|Any CPU.ActiveCfg = Release|Any CPU
		{21DCD74D-786D-4FA1-B893-5454CA2D8A62}.AppStore|Any CPU.Build.0 = Release|Any CPU
		{21DCD74D-786D-4FA1-B893-5454CA2D8A62}.AppStore|ARM.ActiveCfg = Release|Any CPU
		{21DCD74D-786D-4FA1-B893-5454CA2D8A62}.AppStore|ARM.Build.0 = Release|Any CPU
		{21DCD74D-786D-4FA1-B893-5454CA2D8A62}.AppStore|iPhone.ActiveCfg = Release|Any CPU
		{21DCD74D-786D-4FA1-B893-5454CA2D8A62}.AppStore|iPhone.Build.0 = Release|Any CPU
		{21DCD74D-786D-4FA1-B893-5454CA2D8A62}.AppStore|iPhoneSimulator.ActiveCfg = Release|Any CPU
		{21DCD74D-786D-4FA1-B893-5454CA2D8A62}.AppStore|iPhoneSimulator.Build.0 = Release|Any CPU
		{21DCD74D-786D-4FA1-B893-5454CA2D8A62}.AppStore|x64.ActiveCfg = Release|Any CPU
		{21DCD74D-786D-4FA1-B893-5454CA2D8A62}.AppStore|x64.Build.0 = Release|Any CPU
		{21DCD74D-786D-4FA1-B893-5454CA2D8A62}.AppStore|x86.ActiveCfg = Release|Any CPU
		{21DCD74D-786D-4FA1-B893-5454CA2D8A62}.AppStore|x86.Build.0 = Release|Any CPU
		{21DCD74D-786D-4FA1-B893-5454CA2D8A62}.Debug|Any CPU.ActiveCfg = Debug|Any CPU
		{21DCD74D-786D-4FA1-B893-5454CA2D8A62}.Debug|Any CPU.Build.0 = Debug|Any CPU
		{21DCD74D-786D-4FA1-B893-5454CA2D8A62}.Debug|ARM.ActiveCfg = Debug|Any CPU
		{21DCD74D-786D-4FA1-B893-5454CA2D8A62}.Debug|ARM.Build.0 = Debug|Any CPU
		{21DCD74D-786D-4FA1-B893-5454CA2D8A62}.Debug|iPhone.ActiveCfg = Debug|Any CPU
		{21DCD74D-786D-4FA1-B893-5454CA2D8A62}.Debug|iPhone.Build.0 = Debug|Any CPU
		{21DCD74D-786D-4FA1-B893-5454CA2D8A62}.Debug|iPhoneSimulator.ActiveCfg = Debug|Any CPU
		{21DCD74D-786D-4FA1-B893-5454CA2D8A62}.Debug|iPhoneSimulator.Build.0 = Debug|Any CPU
		{21DCD74D-786D-4FA1-B893-5454CA2D8A62}.Debug|x64.ActiveCfg = Debug|Any CPU
		{21DCD74D-786D-4FA1-B893-5454CA2D8A62}.Debug|x64.Build.0 = Debug|Any CPU
		{21DCD74D-786D-4FA1-B893-5454CA2D8A62}.Debug|x86.ActiveCfg = Debug|Any CPU
		{21DCD74D-786D-4FA1-B893-5454CA2D8A62}.Debug|x86.Build.0 = Debug|Any CPU
		{21DCD74D-786D-4FA1-B893-5454CA2D8A62}.Release|Any CPU.ActiveCfg = Release|Any CPU
		{21DCD74D-786D-4FA1-B893-5454CA2D8A62}.Release|Any CPU.Build.0 = Release|Any CPU
		{21DCD74D-786D-4FA1-B893-5454CA2D8A62}.Release|ARM.ActiveCfg = Release|Any CPU
		{21DCD74D-786D-4FA1-B893-5454CA2D8A62}.Release|ARM.Build.0 = Release|Any CPU
		{21DCD74D-786D-4FA1-B893-5454CA2D8A62}.Release|iPhone.ActiveCfg = Release|Any CPU
		{21DCD74D-786D-4FA1-B893-5454CA2D8A62}.Release|iPhone.Build.0 = Release|Any CPU
		{21DCD74D-786D-4FA1-B893-5454CA2D8A62}.Release|iPhoneSimulator.ActiveCfg = Release|Any CPU
		{21DCD74D-786D-4FA1-B893-5454CA2D8A62}.Release|iPhoneSimulator.Build.0 = Release|Any CPU
		{21DCD74D-786D-4FA1-B893-5454CA2D8A62}.Release|x64.ActiveCfg = Release|Any CPU
		{21DCD74D-786D-4FA1-B893-5454CA2D8A62}.Release|x64.Build.0 = Release|Any CPU
		{21DCD74D-786D-4FA1-B893-5454CA2D8A62}.Release|x86.ActiveCfg = Release|Any CPU
		{21DCD74D-786D-4FA1-B893-5454CA2D8A62}.Release|x86.Build.0 = Release|Any CPU
		{F3BC0F56-D66D-4AE8-973C-60532B5E7F92}.Ad-Hoc|Any CPU.ActiveCfg = Ad-Hoc|iPhone
		{F3BC0F56-D66D-4AE8-973C-60532B5E7F92}.Ad-Hoc|ARM.ActiveCfg = Ad-Hoc|iPhone
		{F3BC0F56-D66D-4AE8-973C-60532B5E7F92}.Ad-Hoc|iPhone.ActiveCfg = Ad-Hoc|iPhone
		{F3BC0F56-D66D-4AE8-973C-60532B5E7F92}.Ad-Hoc|iPhone.Build.0 = Ad-Hoc|iPhone
		{F3BC0F56-D66D-4AE8-973C-60532B5E7F92}.Ad-Hoc|iPhoneSimulator.ActiveCfg = Ad-Hoc|iPhoneSimulator
		{F3BC0F56-D66D-4AE8-973C-60532B5E7F92}.Ad-Hoc|iPhoneSimulator.Build.0 = Ad-Hoc|iPhoneSimulator
		{F3BC0F56-D66D-4AE8-973C-60532B5E7F92}.Ad-Hoc|x64.ActiveCfg = Ad-Hoc|iPhone
		{F3BC0F56-D66D-4AE8-973C-60532B5E7F92}.Ad-Hoc|x86.ActiveCfg = Ad-Hoc|iPhone
		{F3BC0F56-D66D-4AE8-973C-60532B5E7F92}.AppStore|Any CPU.ActiveCfg = AppStore|iPhone
		{F3BC0F56-D66D-4AE8-973C-60532B5E7F92}.AppStore|ARM.ActiveCfg = AppStore|iPhone
		{F3BC0F56-D66D-4AE8-973C-60532B5E7F92}.AppStore|iPhone.ActiveCfg = AppStore|iPhone
		{F3BC0F56-D66D-4AE8-973C-60532B5E7F92}.AppStore|iPhone.Build.0 = AppStore|iPhone
		{F3BC0F56-D66D-4AE8-973C-60532B5E7F92}.AppStore|iPhoneSimulator.ActiveCfg = AppStore|iPhoneSimulator
		{F3BC0F56-D66D-4AE8-973C-60532B5E7F92}.AppStore|iPhoneSimulator.Build.0 = AppStore|iPhoneSimulator
		{F3BC0F56-D66D-4AE8-973C-60532B5E7F92}.AppStore|x64.ActiveCfg = AppStore|iPhone
		{F3BC0F56-D66D-4AE8-973C-60532B5E7F92}.AppStore|x86.ActiveCfg = AppStore|iPhone
		{F3BC0F56-D66D-4AE8-973C-60532B5E7F92}.Debug|Any CPU.ActiveCfg = Debug|iPhoneSimulator
		{F3BC0F56-D66D-4AE8-973C-60532B5E7F92}.Debug|Any CPU.Build.0 = Debug|iPhoneSimulator
		{F3BC0F56-D66D-4AE8-973C-60532B5E7F92}.Debug|ARM.ActiveCfg = Debug|iPhone
		{F3BC0F56-D66D-4AE8-973C-60532B5E7F92}.Debug|iPhone.ActiveCfg = Debug|iPhone
		{F3BC0F56-D66D-4AE8-973C-60532B5E7F92}.Debug|iPhone.Build.0 = Debug|iPhone
		{F3BC0F56-D66D-4AE8-973C-60532B5E7F92}.Debug|iPhoneSimulator.ActiveCfg = Debug|iPhoneSimulator
		{F3BC0F56-D66D-4AE8-973C-60532B5E7F92}.Debug|iPhoneSimulator.Build.0 = Debug|iPhoneSimulator
		{F3BC0F56-D66D-4AE8-973C-60532B5E7F92}.Debug|x64.ActiveCfg = Debug|iPhone
		{F3BC0F56-D66D-4AE8-973C-60532B5E7F92}.Debug|x86.ActiveCfg = Debug|iPhone
		{F3BC0F56-D66D-4AE8-973C-60532B5E7F92}.Release|Any CPU.ActiveCfg = Release|iPhone
		{F3BC0F56-D66D-4AE8-973C-60532B5E7F92}.Release|ARM.ActiveCfg = Release|iPhone
		{F3BC0F56-D66D-4AE8-973C-60532B5E7F92}.Release|iPhone.ActiveCfg = Release|iPhone
		{F3BC0F56-D66D-4AE8-973C-60532B5E7F92}.Release|iPhone.Build.0 = Release|iPhone
		{F3BC0F56-D66D-4AE8-973C-60532B5E7F92}.Release|iPhoneSimulator.ActiveCfg = Release|iPhoneSimulator
		{F3BC0F56-D66D-4AE8-973C-60532B5E7F92}.Release|iPhoneSimulator.Build.0 = Release|iPhoneSimulator
		{F3BC0F56-D66D-4AE8-973C-60532B5E7F92}.Release|x64.ActiveCfg = Release|iPhone
		{F3BC0F56-D66D-4AE8-973C-60532B5E7F92}.Release|x86.ActiveCfg = Release|iPhone
		{62A905BD-CC42-413F-B607-AAAD3B3AE6A8}.Ad-Hoc|Any CPU.ActiveCfg = Release|x86
		{62A905BD-CC42-413F-B607-AAAD3B3AE6A8}.Ad-Hoc|Any CPU.Build.0 = Release|x86
		{62A905BD-CC42-413F-B607-AAAD3B3AE6A8}.Ad-Hoc|Any CPU.Deploy.0 = Release|x86
		{62A905BD-CC42-413F-B607-AAAD3B3AE6A8}.Ad-Hoc|ARM.ActiveCfg = Release|ARM
		{62A905BD-CC42-413F-B607-AAAD3B3AE6A8}.Ad-Hoc|ARM.Build.0 = Release|ARM
		{62A905BD-CC42-413F-B607-AAAD3B3AE6A8}.Ad-Hoc|ARM.Deploy.0 = Release|ARM
		{62A905BD-CC42-413F-B607-AAAD3B3AE6A8}.Ad-Hoc|iPhone.ActiveCfg = Release|x86
		{62A905BD-CC42-413F-B607-AAAD3B3AE6A8}.Ad-Hoc|iPhone.Build.0 = Release|x86
		{62A905BD-CC42-413F-B607-AAAD3B3AE6A8}.Ad-Hoc|iPhone.Deploy.0 = Release|x86
		{62A905BD-CC42-413F-B607-AAAD3B3AE6A8}.Ad-Hoc|iPhoneSimulator.ActiveCfg = Release|x86
		{62A905BD-CC42-413F-B607-AAAD3B3AE6A8}.Ad-Hoc|iPhoneSimulator.Build.0 = Release|x86
		{62A905BD-CC42-413F-B607-AAAD3B3AE6A8}.Ad-Hoc|iPhoneSimulator.Deploy.0 = Release|x86
		{62A905BD-CC42-413F-B607-AAAD3B3AE6A8}.Ad-Hoc|x64.ActiveCfg = Release|x64
		{62A905BD-CC42-413F-B607-AAAD3B3AE6A8}.Ad-Hoc|x64.Build.0 = Release|x64
		{62A905BD-CC42-413F-B607-AAAD3B3AE6A8}.Ad-Hoc|x64.Deploy.0 = Release|x64
		{62A905BD-CC42-413F-B607-AAAD3B3AE6A8}.Ad-Hoc|x86.ActiveCfg = Release|x86
		{62A905BD-CC42-413F-B607-AAAD3B3AE6A8}.Ad-Hoc|x86.Build.0 = Release|x86
		{62A905BD-CC42-413F-B607-AAAD3B3AE6A8}.Ad-Hoc|x86.Deploy.0 = Release|x86
		{62A905BD-CC42-413F-B607-AAAD3B3AE6A8}.AppStore|Any CPU.ActiveCfg = Release|x86
		{62A905BD-CC42-413F-B607-AAAD3B3AE6A8}.AppStore|Any CPU.Build.0 = Release|x86
		{62A905BD-CC42-413F-B607-AAAD3B3AE6A8}.AppStore|Any CPU.Deploy.0 = Release|x86
		{62A905BD-CC42-413F-B607-AAAD3B3AE6A8}.AppStore|ARM.ActiveCfg = Release|ARM
		{62A905BD-CC42-413F-B607-AAAD3B3AE6A8}.AppStore|ARM.Build.0 = Release|ARM
		{62A905BD-CC42-413F-B607-AAAD3B3AE6A8}.AppStore|ARM.Deploy.0 = Release|ARM
		{62A905BD-CC42-413F-B607-AAAD3B3AE6A8}.AppStore|iPhone.ActiveCfg = Release|x86
		{62A905BD-CC42-413F-B607-AAAD3B3AE6A8}.AppStore|iPhone.Build.0 = Release|x86
		{62A905BD-CC42-413F-B607-AAAD3B3AE6A8}.AppStore|iPhone.Deploy.0 = Release|x86
		{62A905BD-CC42-413F-B607-AAAD3B3AE6A8}.AppStore|iPhoneSimulator.ActiveCfg = Release|x86
		{62A905BD-CC42-413F-B607-AAAD3B3AE6A8}.AppStore|iPhoneSimulator.Build.0 = Release|x86
		{62A905BD-CC42-413F-B607-AAAD3B3AE6A8}.AppStore|iPhoneSimulator.Deploy.0 = Release|x86
		{62A905BD-CC42-413F-B607-AAAD3B3AE6A8}.AppStore|x64.ActiveCfg = Release|x64
		{62A905BD-CC42-413F-B607-AAAD3B3AE6A8}.AppStore|x64.Build.0 = Release|x64
		{62A905BD-CC42-413F-B607-AAAD3B3AE6A8}.AppStore|x64.Deploy.0 = Release|x64
		{62A905BD-CC42-413F-B607-AAAD3B3AE6A8}.AppStore|x86.ActiveCfg = Release|x86
		{62A905BD-CC42-413F-B607-AAAD3B3AE6A8}.AppStore|x86.Build.0 = Release|x86
		{62A905BD-CC42-413F-B607-AAAD3B3AE6A8}.AppStore|x86.Deploy.0 = Release|x86
		{62A905BD-CC42-413F-B607-AAAD3B3AE6A8}.Debug|Any CPU.ActiveCfg = Debug|x86
		{62A905BD-CC42-413F-B607-AAAD3B3AE6A8}.Debug|Any CPU.Build.0 = Debug|x86
		{62A905BD-CC42-413F-B607-AAAD3B3AE6A8}.Debug|Any CPU.Deploy.0 = Debug|x86
		{62A905BD-CC42-413F-B607-AAAD3B3AE6A8}.Debug|ARM.ActiveCfg = Debug|ARM
		{62A905BD-CC42-413F-B607-AAAD3B3AE6A8}.Debug|ARM.Build.0 = Debug|ARM
		{62A905BD-CC42-413F-B607-AAAD3B3AE6A8}.Debug|ARM.Deploy.0 = Debug|ARM
		{62A905BD-CC42-413F-B607-AAAD3B3AE6A8}.Debug|iPhone.ActiveCfg = Debug|x86
		{62A905BD-CC42-413F-B607-AAAD3B3AE6A8}.Debug|iPhoneSimulator.ActiveCfg = Debug|x86
		{62A905BD-CC42-413F-B607-AAAD3B3AE6A8}.Debug|iPhoneSimulator.Build.0 = Debug|x86
		{62A905BD-CC42-413F-B607-AAAD3B3AE6A8}.Debug|iPhoneSimulator.Deploy.0 = Debug|x86
		{62A905BD-CC42-413F-B607-AAAD3B3AE6A8}.Debug|x64.ActiveCfg = Debug|x64
		{62A905BD-CC42-413F-B607-AAAD3B3AE6A8}.Debug|x64.Build.0 = Debug|x64
		{62A905BD-CC42-413F-B607-AAAD3B3AE6A8}.Debug|x64.Deploy.0 = Debug|x64
		{62A905BD-CC42-413F-B607-AAAD3B3AE6A8}.Debug|x86.ActiveCfg = Debug|x86
		{62A905BD-CC42-413F-B607-AAAD3B3AE6A8}.Debug|x86.Build.0 = Debug|x86
		{62A905BD-CC42-413F-B607-AAAD3B3AE6A8}.Debug|x86.Deploy.0 = Debug|x86
		{62A905BD-CC42-413F-B607-AAAD3B3AE6A8}.Release|Any CPU.ActiveCfg = Release|x86
		{62A905BD-CC42-413F-B607-AAAD3B3AE6A8}.Release|ARM.ActiveCfg = Release|ARM
		{62A905BD-CC42-413F-B607-AAAD3B3AE6A8}.Release|ARM.Build.0 = Release|ARM
		{62A905BD-CC42-413F-B607-AAAD3B3AE6A8}.Release|ARM.Deploy.0 = Release|ARM
		{62A905BD-CC42-413F-B607-AAAD3B3AE6A8}.Release|iPhone.ActiveCfg = Release|x86
		{62A905BD-CC42-413F-B607-AAAD3B3AE6A8}.Release|iPhoneSimulator.ActiveCfg = Release|x86
		{62A905BD-CC42-413F-B607-AAAD3B3AE6A8}.Release|x64.ActiveCfg = Release|x64
		{62A905BD-CC42-413F-B607-AAAD3B3AE6A8}.Release|x64.Build.0 = Release|x64
		{62A905BD-CC42-413F-B607-AAAD3B3AE6A8}.Release|x64.Deploy.0 = Release|x64
		{62A905BD-CC42-413F-B607-AAAD3B3AE6A8}.Release|x86.ActiveCfg = Release|x86
		{62A905BD-CC42-413F-B607-AAAD3B3AE6A8}.Release|x86.Build.0 = Release|x86
		{62A905BD-CC42-413F-B607-AAAD3B3AE6A8}.Release|x86.Deploy.0 = Release|x86
		{1EED83B4-2912-4200-ABD8-068FE60277C8}.Ad-Hoc|Any CPU.ActiveCfg = Release|Any CPU
		{1EED83B4-2912-4200-ABD8-068FE60277C8}.Ad-Hoc|Any CPU.Build.0 = Release|Any CPU
		{1EED83B4-2912-4200-ABD8-068FE60277C8}.Ad-Hoc|ARM.ActiveCfg = Release|Any CPU
		{1EED83B4-2912-4200-ABD8-068FE60277C8}.Ad-Hoc|ARM.Build.0 = Release|Any CPU
		{1EED83B4-2912-4200-ABD8-068FE60277C8}.Ad-Hoc|iPhone.ActiveCfg = Release|Any CPU
		{1EED83B4-2912-4200-ABD8-068FE60277C8}.Ad-Hoc|iPhone.Build.0 = Release|Any CPU
		{1EED83B4-2912-4200-ABD8-068FE60277C8}.Ad-Hoc|iPhoneSimulator.ActiveCfg = Release|Any CPU
		{1EED83B4-2912-4200-ABD8-068FE60277C8}.Ad-Hoc|iPhoneSimulator.Build.0 = Release|Any CPU
		{1EED83B4-2912-4200-ABD8-068FE60277C8}.Ad-Hoc|x64.ActiveCfg = Release|Any CPU
		{1EED83B4-2912-4200-ABD8-068FE60277C8}.Ad-Hoc|x64.Build.0 = Release|Any CPU
		{1EED83B4-2912-4200-ABD8-068FE60277C8}.Ad-Hoc|x86.ActiveCfg = Release|Any CPU
		{1EED83B4-2912-4200-ABD8-068FE60277C8}.Ad-Hoc|x86.Build.0 = Release|Any CPU
		{1EED83B4-2912-4200-ABD8-068FE60277C8}.AppStore|Any CPU.ActiveCfg = Release|Any CPU
		{1EED83B4-2912-4200-ABD8-068FE60277C8}.AppStore|Any CPU.Build.0 = Release|Any CPU
		{1EED83B4-2912-4200-ABD8-068FE60277C8}.AppStore|ARM.ActiveCfg = Release|Any CPU
		{1EED83B4-2912-4200-ABD8-068FE60277C8}.AppStore|ARM.Build.0 = Release|Any CPU
		{1EED83B4-2912-4200-ABD8-068FE60277C8}.AppStore|iPhone.ActiveCfg = Release|Any CPU
		{1EED83B4-2912-4200-ABD8-068FE60277C8}.AppStore|iPhone.Build.0 = Release|Any CPU
		{1EED83B4-2912-4200-ABD8-068FE60277C8}.AppStore|iPhoneSimulator.ActiveCfg = Release|Any CPU
		{1EED83B4-2912-4200-ABD8-068FE60277C8}.AppStore|iPhoneSimulator.Build.0 = Release|Any CPU
		{1EED83B4-2912-4200-ABD8-068FE60277C8}.AppStore|x64.ActiveCfg = Release|Any CPU
		{1EED83B4-2912-4200-ABD8-068FE60277C8}.AppStore|x64.Build.0 = Release|Any CPU
		{1EED83B4-2912-4200-ABD8-068FE60277C8}.AppStore|x86.ActiveCfg = Release|Any CPU
		{1EED83B4-2912-4200-ABD8-068FE60277C8}.AppStore|x86.Build.0 = Release|Any CPU
		{1EED83B4-2912-4200-ABD8-068FE60277C8}.Debug|Any CPU.ActiveCfg = Debug|Any CPU
		{1EED83B4-2912-4200-ABD8-068FE60277C8}.Debug|Any CPU.Build.0 = Debug|Any CPU
		{1EED83B4-2912-4200-ABD8-068FE60277C8}.Debug|ARM.ActiveCfg = Debug|Any CPU
		{1EED83B4-2912-4200-ABD8-068FE60277C8}.Debug|ARM.Build.0 = Debug|Any CPU
		{1EED83B4-2912-4200-ABD8-068FE60277C8}.Debug|iPhone.ActiveCfg = Debug|Any CPU
		{1EED83B4-2912-4200-ABD8-068FE60277C8}.Debug|iPhone.Build.0 = Debug|Any CPU
		{1EED83B4-2912-4200-ABD8-068FE60277C8}.Debug|iPhoneSimulator.ActiveCfg = Debug|Any CPU
		{1EED83B4-2912-4200-ABD8-068FE60277C8}.Debug|iPhoneSimulator.Build.0 = Debug|Any CPU
		{1EED83B4-2912-4200-ABD8-068FE60277C8}.Debug|x64.ActiveCfg = Debug|Any CPU
		{1EED83B4-2912-4200-ABD8-068FE60277C8}.Debug|x64.Build.0 = Debug|Any CPU
		{1EED83B4-2912-4200-ABD8-068FE60277C8}.Debug|x86.ActiveCfg = Debug|Any CPU
		{1EED83B4-2912-4200-ABD8-068FE60277C8}.Debug|x86.Build.0 = Debug|Any CPU
		{1EED83B4-2912-4200-ABD8-068FE60277C8}.Release|Any CPU.ActiveCfg = Release|Any CPU
		{1EED83B4-2912-4200-ABD8-068FE60277C8}.Release|Any CPU.Build.0 = Release|Any CPU
		{1EED83B4-2912-4200-ABD8-068FE60277C8}.Release|ARM.ActiveCfg = Release|Any CPU
		{1EED83B4-2912-4200-ABD8-068FE60277C8}.Release|ARM.Build.0 = Release|Any CPU
		{1EED83B4-2912-4200-ABD8-068FE60277C8}.Release|iPhone.ActiveCfg = Release|Any CPU
		{1EED83B4-2912-4200-ABD8-068FE60277C8}.Release|iPhone.Build.0 = Release|Any CPU
		{1EED83B4-2912-4200-ABD8-068FE60277C8}.Release|iPhoneSimulator.ActiveCfg = Release|Any CPU
		{1EED83B4-2912-4200-ABD8-068FE60277C8}.Release|iPhoneSimulator.Build.0 = Release|Any CPU
		{1EED83B4-2912-4200-ABD8-068FE60277C8}.Release|x64.ActiveCfg = Release|Any CPU
		{1EED83B4-2912-4200-ABD8-068FE60277C8}.Release|x64.Build.0 = Release|Any CPU
		{1EED83B4-2912-4200-ABD8-068FE60277C8}.Release|x86.ActiveCfg = Release|Any CPU
		{1EED83B4-2912-4200-ABD8-068FE60277C8}.Release|x86.Build.0 = Release|Any CPU
		{729E3206-07E7-4EE0-B5B3-687C1E89570B}.Ad-Hoc|Any CPU.ActiveCfg = Release|Any CPU
		{729E3206-07E7-4EE0-B5B3-687C1E89570B}.Ad-Hoc|Any CPU.Build.0 = Release|Any CPU
		{729E3206-07E7-4EE0-B5B3-687C1E89570B}.Ad-Hoc|ARM.ActiveCfg = Release|Any CPU
		{729E3206-07E7-4EE0-B5B3-687C1E89570B}.Ad-Hoc|ARM.Build.0 = Release|Any CPU
		{729E3206-07E7-4EE0-B5B3-687C1E89570B}.Ad-Hoc|iPhone.ActiveCfg = Release|Any CPU
		{729E3206-07E7-4EE0-B5B3-687C1E89570B}.Ad-Hoc|iPhone.Build.0 = Release|Any CPU
		{729E3206-07E7-4EE0-B5B3-687C1E89570B}.Ad-Hoc|iPhoneSimulator.ActiveCfg = Release|Any CPU
		{729E3206-07E7-4EE0-B5B3-687C1E89570B}.Ad-Hoc|iPhoneSimulator.Build.0 = Release|Any CPU
		{729E3206-07E7-4EE0-B5B3-687C1E89570B}.Ad-Hoc|x64.ActiveCfg = Release|Any CPU
		{729E3206-07E7-4EE0-B5B3-687C1E89570B}.Ad-Hoc|x64.Build.0 = Release|Any CPU
		{729E3206-07E7-4EE0-B5B3-687C1E89570B}.Ad-Hoc|x86.ActiveCfg = Release|Any CPU
		{729E3206-07E7-4EE0-B5B3-687C1E89570B}.Ad-Hoc|x86.Build.0 = Release|Any CPU
		{729E3206-07E7-4EE0-B5B3-687C1E89570B}.AppStore|Any CPU.ActiveCfg = Release|Any CPU
		{729E3206-07E7-4EE0-B5B3-687C1E89570B}.AppStore|Any CPU.Build.0 = Release|Any CPU
		{729E3206-07E7-4EE0-B5B3-687C1E89570B}.AppStore|ARM.ActiveCfg = Release|Any CPU
		{729E3206-07E7-4EE0-B5B3-687C1E89570B}.AppStore|ARM.Build.0 = Release|Any CPU
		{729E3206-07E7-4EE0-B5B3-687C1E89570B}.AppStore|iPhone.ActiveCfg = Release|Any CPU
		{729E3206-07E7-4EE0-B5B3-687C1E89570B}.AppStore|iPhone.Build.0 = Release|Any CPU
		{729E3206-07E7-4EE0-B5B3-687C1E89570B}.AppStore|iPhoneSimulator.ActiveCfg = Release|Any CPU
		{729E3206-07E7-4EE0-B5B3-687C1E89570B}.AppStore|iPhoneSimulator.Build.0 = Release|Any CPU
		{729E3206-07E7-4EE0-B5B3-687C1E89570B}.AppStore|x64.ActiveCfg = Release|Any CPU
		{729E3206-07E7-4EE0-B5B3-687C1E89570B}.AppStore|x64.Build.0 = Release|Any CPU
		{729E3206-07E7-4EE0-B5B3-687C1E89570B}.AppStore|x86.ActiveCfg = Release|Any CPU
		{729E3206-07E7-4EE0-B5B3-687C1E89570B}.AppStore|x86.Build.0 = Release|Any CPU
		{729E3206-07E7-4EE0-B5B3-687C1E89570B}.Debug|Any CPU.ActiveCfg = Debug|Any CPU
		{729E3206-07E7-4EE0-B5B3-687C1E89570B}.Debug|Any CPU.Build.0 = Debug|Any CPU
		{729E3206-07E7-4EE0-B5B3-687C1E89570B}.Debug|ARM.ActiveCfg = Debug|Any CPU
		{729E3206-07E7-4EE0-B5B3-687C1E89570B}.Debug|ARM.Build.0 = Debug|Any CPU
		{729E3206-07E7-4EE0-B5B3-687C1E89570B}.Debug|iPhone.ActiveCfg = Debug|Any CPU
		{729E3206-07E7-4EE0-B5B3-687C1E89570B}.Debug|iPhone.Build.0 = Debug|Any CPU
		{729E3206-07E7-4EE0-B5B3-687C1E89570B}.Debug|iPhoneSimulator.ActiveCfg = Debug|Any CPU
		{729E3206-07E7-4EE0-B5B3-687C1E89570B}.Debug|iPhoneSimulator.Build.0 = Debug|Any CPU
		{729E3206-07E7-4EE0-B5B3-687C1E89570B}.Debug|x64.ActiveCfg = Debug|Any CPU
		{729E3206-07E7-4EE0-B5B3-687C1E89570B}.Debug|x64.Build.0 = Debug|Any CPU
		{729E3206-07E7-4EE0-B5B3-687C1E89570B}.Debug|x86.ActiveCfg = Debug|Any CPU
		{729E3206-07E7-4EE0-B5B3-687C1E89570B}.Debug|x86.Build.0 = Debug|Any CPU
		{729E3206-07E7-4EE0-B5B3-687C1E89570B}.Release|Any CPU.ActiveCfg = Release|Any CPU
		{729E3206-07E7-4EE0-B5B3-687C1E89570B}.Release|Any CPU.Build.0 = Release|Any CPU
		{729E3206-07E7-4EE0-B5B3-687C1E89570B}.Release|ARM.ActiveCfg = Release|Any CPU
		{729E3206-07E7-4EE0-B5B3-687C1E89570B}.Release|ARM.Build.0 = Release|Any CPU
		{729E3206-07E7-4EE0-B5B3-687C1E89570B}.Release|iPhone.ActiveCfg = Release|Any CPU
		{729E3206-07E7-4EE0-B5B3-687C1E89570B}.Release|iPhone.Build.0 = Release|Any CPU
		{729E3206-07E7-4EE0-B5B3-687C1E89570B}.Release|iPhoneSimulator.ActiveCfg = Release|Any CPU
		{729E3206-07E7-4EE0-B5B3-687C1E89570B}.Release|iPhoneSimulator.Build.0 = Release|Any CPU
		{729E3206-07E7-4EE0-B5B3-687C1E89570B}.Release|x64.ActiveCfg = Release|Any CPU
		{729E3206-07E7-4EE0-B5B3-687C1E89570B}.Release|x64.Build.0 = Release|Any CPU
		{729E3206-07E7-4EE0-B5B3-687C1E89570B}.Release|x86.ActiveCfg = Release|Any CPU
		{729E3206-07E7-4EE0-B5B3-687C1E89570B}.Release|x86.Build.0 = Release|Any CPU
		{1A93F001-29FA-4654-A647-9BA63190ECAC}.Ad-Hoc|Any CPU.ActiveCfg = Debug|Any CPU
		{1A93F001-29FA-4654-A647-9BA63190ECAC}.Ad-Hoc|Any CPU.Build.0 = Debug|Any CPU
		{1A93F001-29FA-4654-A647-9BA63190ECAC}.Ad-Hoc|ARM.ActiveCfg = Debug|Any CPU
		{1A93F001-29FA-4654-A647-9BA63190ECAC}.Ad-Hoc|ARM.Build.0 = Debug|Any CPU
		{1A93F001-29FA-4654-A647-9BA63190ECAC}.Ad-Hoc|iPhone.ActiveCfg = Debug|Any CPU
		{1A93F001-29FA-4654-A647-9BA63190ECAC}.Ad-Hoc|iPhone.Build.0 = Debug|Any CPU
		{1A93F001-29FA-4654-A647-9BA63190ECAC}.Ad-Hoc|iPhoneSimulator.ActiveCfg = Debug|Any CPU
		{1A93F001-29FA-4654-A647-9BA63190ECAC}.Ad-Hoc|iPhoneSimulator.Build.0 = Debug|Any CPU
		{1A93F001-29FA-4654-A647-9BA63190ECAC}.Ad-Hoc|x64.ActiveCfg = Debug|Any CPU
		{1A93F001-29FA-4654-A647-9BA63190ECAC}.Ad-Hoc|x64.Build.0 = Debug|Any CPU
		{1A93F001-29FA-4654-A647-9BA63190ECAC}.Ad-Hoc|x86.ActiveCfg = Debug|Any CPU
		{1A93F001-29FA-4654-A647-9BA63190ECAC}.Ad-Hoc|x86.Build.0 = Debug|Any CPU
		{1A93F001-29FA-4654-A647-9BA63190ECAC}.AppStore|Any CPU.ActiveCfg = Debug|Any CPU
		{1A93F001-29FA-4654-A647-9BA63190ECAC}.AppStore|Any CPU.Build.0 = Debug|Any CPU
		{1A93F001-29FA-4654-A647-9BA63190ECAC}.AppStore|ARM.ActiveCfg = Debug|Any CPU
		{1A93F001-29FA-4654-A647-9BA63190ECAC}.AppStore|ARM.Build.0 = Debug|Any CPU
		{1A93F001-29FA-4654-A647-9BA63190ECAC}.AppStore|iPhone.ActiveCfg = Debug|Any CPU
		{1A93F001-29FA-4654-A647-9BA63190ECAC}.AppStore|iPhone.Build.0 = Debug|Any CPU
		{1A93F001-29FA-4654-A647-9BA63190ECAC}.AppStore|iPhoneSimulator.ActiveCfg = Debug|Any CPU
		{1A93F001-29FA-4654-A647-9BA63190ECAC}.AppStore|iPhoneSimulator.Build.0 = Debug|Any CPU
		{1A93F001-29FA-4654-A647-9BA63190ECAC}.AppStore|x64.ActiveCfg = Debug|Any CPU
		{1A93F001-29FA-4654-A647-9BA63190ECAC}.AppStore|x64.Build.0 = Debug|Any CPU
		{1A93F001-29FA-4654-A647-9BA63190ECAC}.AppStore|x86.ActiveCfg = Debug|Any CPU
		{1A93F001-29FA-4654-A647-9BA63190ECAC}.AppStore|x86.Build.0 = Debug|Any CPU
		{1A93F001-29FA-4654-A647-9BA63190ECAC}.Debug|Any CPU.ActiveCfg = Debug|Any CPU
		{1A93F001-29FA-4654-A647-9BA63190ECAC}.Debug|Any CPU.Build.0 = Debug|Any CPU
		{1A93F001-29FA-4654-A647-9BA63190ECAC}.Debug|ARM.ActiveCfg = Debug|Any CPU
		{1A93F001-29FA-4654-A647-9BA63190ECAC}.Debug|ARM.Build.0 = Debug|Any CPU
		{1A93F001-29FA-4654-A647-9BA63190ECAC}.Debug|iPhone.ActiveCfg = Debug|Any CPU
		{1A93F001-29FA-4654-A647-9BA63190ECAC}.Debug|iPhone.Build.0 = Debug|Any CPU
		{1A93F001-29FA-4654-A647-9BA63190ECAC}.Debug|iPhoneSimulator.ActiveCfg = Debug|Any CPU
		{1A93F001-29FA-4654-A647-9BA63190ECAC}.Debug|iPhoneSimulator.Build.0 = Debug|Any CPU
		{1A93F001-29FA-4654-A647-9BA63190ECAC}.Debug|x64.ActiveCfg = Debug|Any CPU
		{1A93F001-29FA-4654-A647-9BA63190ECAC}.Debug|x64.Build.0 = Debug|Any CPU
		{1A93F001-29FA-4654-A647-9BA63190ECAC}.Debug|x86.ActiveCfg = Debug|Any CPU
		{1A93F001-29FA-4654-A647-9BA63190ECAC}.Debug|x86.Build.0 = Debug|Any CPU
		{1A93F001-29FA-4654-A647-9BA63190ECAC}.Release|Any CPU.ActiveCfg = Release|Any CPU
		{1A93F001-29FA-4654-A647-9BA63190ECAC}.Release|Any CPU.Build.0 = Release|Any CPU
		{1A93F001-29FA-4654-A647-9BA63190ECAC}.Release|ARM.ActiveCfg = Release|Any CPU
		{1A93F001-29FA-4654-A647-9BA63190ECAC}.Release|ARM.Build.0 = Release|Any CPU
		{1A93F001-29FA-4654-A647-9BA63190ECAC}.Release|iPhone.ActiveCfg = Release|Any CPU
		{1A93F001-29FA-4654-A647-9BA63190ECAC}.Release|iPhone.Build.0 = Release|Any CPU
		{1A93F001-29FA-4654-A647-9BA63190ECAC}.Release|iPhoneSimulator.ActiveCfg = Release|Any CPU
		{1A93F001-29FA-4654-A647-9BA63190ECAC}.Release|iPhoneSimulator.Build.0 = Release|Any CPU
		{1A93F001-29FA-4654-A647-9BA63190ECAC}.Release|x64.ActiveCfg = Release|Any CPU
		{1A93F001-29FA-4654-A647-9BA63190ECAC}.Release|x64.Build.0 = Release|Any CPU
		{1A93F001-29FA-4654-A647-9BA63190ECAC}.Release|x86.ActiveCfg = Release|Any CPU
		{1A93F001-29FA-4654-A647-9BA63190ECAC}.Release|x86.Build.0 = Release|Any CPU
		{4BAB7410-AD7F-41D5-9EBE-0BA449261FA9}.Ad-Hoc|Any CPU.ActiveCfg = Debug|Any CPU
		{4BAB7410-AD7F-41D5-9EBE-0BA449261FA9}.Ad-Hoc|Any CPU.Build.0 = Debug|Any CPU
		{4BAB7410-AD7F-41D5-9EBE-0BA449261FA9}.Ad-Hoc|ARM.ActiveCfg = Debug|Any CPU
		{4BAB7410-AD7F-41D5-9EBE-0BA449261FA9}.Ad-Hoc|ARM.Build.0 = Debug|Any CPU
		{4BAB7410-AD7F-41D5-9EBE-0BA449261FA9}.Ad-Hoc|iPhone.ActiveCfg = Debug|Any CPU
		{4BAB7410-AD7F-41D5-9EBE-0BA449261FA9}.Ad-Hoc|iPhone.Build.0 = Debug|Any CPU
		{4BAB7410-AD7F-41D5-9EBE-0BA449261FA9}.Ad-Hoc|iPhoneSimulator.ActiveCfg = Debug|Any CPU
		{4BAB7410-AD7F-41D5-9EBE-0BA449261FA9}.Ad-Hoc|iPhoneSimulator.Build.0 = Debug|Any CPU
		{4BAB7410-AD7F-41D5-9EBE-0BA449261FA9}.Ad-Hoc|x64.ActiveCfg = Debug|Any CPU
		{4BAB7410-AD7F-41D5-9EBE-0BA449261FA9}.Ad-Hoc|x64.Build.0 = Debug|Any CPU
		{4BAB7410-AD7F-41D5-9EBE-0BA449261FA9}.Ad-Hoc|x86.ActiveCfg = Debug|Any CPU
		{4BAB7410-AD7F-41D5-9EBE-0BA449261FA9}.Ad-Hoc|x86.Build.0 = Debug|Any CPU
		{4BAB7410-AD7F-41D5-9EBE-0BA449261FA9}.AppStore|Any CPU.ActiveCfg = Debug|Any CPU
		{4BAB7410-AD7F-41D5-9EBE-0BA449261FA9}.AppStore|Any CPU.Build.0 = Debug|Any CPU
		{4BAB7410-AD7F-41D5-9EBE-0BA449261FA9}.AppStore|ARM.ActiveCfg = Debug|Any CPU
		{4BAB7410-AD7F-41D5-9EBE-0BA449261FA9}.AppStore|ARM.Build.0 = Debug|Any CPU
		{4BAB7410-AD7F-41D5-9EBE-0BA449261FA9}.AppStore|iPhone.ActiveCfg = Debug|Any CPU
		{4BAB7410-AD7F-41D5-9EBE-0BA449261FA9}.AppStore|iPhone.Build.0 = Debug|Any CPU
		{4BAB7410-AD7F-41D5-9EBE-0BA449261FA9}.AppStore|iPhoneSimulator.ActiveCfg = Debug|Any CPU
		{4BAB7410-AD7F-41D5-9EBE-0BA449261FA9}.AppStore|iPhoneSimulator.Build.0 = Debug|Any CPU
		{4BAB7410-AD7F-41D5-9EBE-0BA449261FA9}.AppStore|x64.ActiveCfg = Debug|Any CPU
		{4BAB7410-AD7F-41D5-9EBE-0BA449261FA9}.AppStore|x64.Build.0 = Debug|Any CPU
		{4BAB7410-AD7F-41D5-9EBE-0BA449261FA9}.AppStore|x86.ActiveCfg = Debug|Any CPU
		{4BAB7410-AD7F-41D5-9EBE-0BA449261FA9}.AppStore|x86.Build.0 = Debug|Any CPU
		{4BAB7410-AD7F-41D5-9EBE-0BA449261FA9}.Debug|Any CPU.ActiveCfg = Debug|Any CPU
		{4BAB7410-AD7F-41D5-9EBE-0BA449261FA9}.Debug|Any CPU.Build.0 = Debug|Any CPU
		{4BAB7410-AD7F-41D5-9EBE-0BA449261FA9}.Debug|ARM.ActiveCfg = Debug|Any CPU
		{4BAB7410-AD7F-41D5-9EBE-0BA449261FA9}.Debug|ARM.Build.0 = Debug|Any CPU
		{4BAB7410-AD7F-41D5-9EBE-0BA449261FA9}.Debug|iPhone.ActiveCfg = Debug|Any CPU
		{4BAB7410-AD7F-41D5-9EBE-0BA449261FA9}.Debug|iPhone.Build.0 = Debug|Any CPU
		{4BAB7410-AD7F-41D5-9EBE-0BA449261FA9}.Debug|iPhoneSimulator.ActiveCfg = Debug|Any CPU
		{4BAB7410-AD7F-41D5-9EBE-0BA449261FA9}.Debug|iPhoneSimulator.Build.0 = Debug|Any CPU
		{4BAB7410-AD7F-41D5-9EBE-0BA449261FA9}.Debug|x64.ActiveCfg = Debug|Any CPU
		{4BAB7410-AD7F-41D5-9EBE-0BA449261FA9}.Debug|x64.Build.0 = Debug|Any CPU
		{4BAB7410-AD7F-41D5-9EBE-0BA449261FA9}.Debug|x86.ActiveCfg = Debug|Any CPU
		{4BAB7410-AD7F-41D5-9EBE-0BA449261FA9}.Debug|x86.Build.0 = Debug|Any CPU
		{4BAB7410-AD7F-41D5-9EBE-0BA449261FA9}.Release|Any CPU.ActiveCfg = Release|Any CPU
		{4BAB7410-AD7F-41D5-9EBE-0BA449261FA9}.Release|Any CPU.Build.0 = Release|Any CPU
		{4BAB7410-AD7F-41D5-9EBE-0BA449261FA9}.Release|ARM.ActiveCfg = Release|Any CPU
		{4BAB7410-AD7F-41D5-9EBE-0BA449261FA9}.Release|ARM.Build.0 = Release|Any CPU
		{4BAB7410-AD7F-41D5-9EBE-0BA449261FA9}.Release|iPhone.ActiveCfg = Release|Any CPU
		{4BAB7410-AD7F-41D5-9EBE-0BA449261FA9}.Release|iPhone.Build.0 = Release|Any CPU
		{4BAB7410-AD7F-41D5-9EBE-0BA449261FA9}.Release|iPhoneSimulator.ActiveCfg = Release|Any CPU
		{4BAB7410-AD7F-41D5-9EBE-0BA449261FA9}.Release|iPhoneSimulator.Build.0 = Release|Any CPU
		{4BAB7410-AD7F-41D5-9EBE-0BA449261FA9}.Release|x64.ActiveCfg = Release|Any CPU
		{4BAB7410-AD7F-41D5-9EBE-0BA449261FA9}.Release|x64.Build.0 = Release|Any CPU
		{4BAB7410-AD7F-41D5-9EBE-0BA449261FA9}.Release|x86.ActiveCfg = Release|Any CPU
		{4BAB7410-AD7F-41D5-9EBE-0BA449261FA9}.Release|x86.Build.0 = Release|Any CPU
		{4DFB79F1-88F4-4AD6-B296-E7E89E653291}.Ad-Hoc|Any CPU.ActiveCfg = Debug|Any CPU
		{4DFB79F1-88F4-4AD6-B296-E7E89E653291}.Ad-Hoc|Any CPU.Build.0 = Debug|Any CPU
		{4DFB79F1-88F4-4AD6-B296-E7E89E653291}.Ad-Hoc|ARM.ActiveCfg = Debug|Any CPU
		{4DFB79F1-88F4-4AD6-B296-E7E89E653291}.Ad-Hoc|ARM.Build.0 = Debug|Any CPU
		{4DFB79F1-88F4-4AD6-B296-E7E89E653291}.Ad-Hoc|iPhone.ActiveCfg = Debug|Any CPU
		{4DFB79F1-88F4-4AD6-B296-E7E89E653291}.Ad-Hoc|iPhone.Build.0 = Debug|Any CPU
		{4DFB79F1-88F4-4AD6-B296-E7E89E653291}.Ad-Hoc|iPhoneSimulator.ActiveCfg = Debug|Any CPU
		{4DFB79F1-88F4-4AD6-B296-E7E89E653291}.Ad-Hoc|iPhoneSimulator.Build.0 = Debug|Any CPU
		{4DFB79F1-88F4-4AD6-B296-E7E89E653291}.Ad-Hoc|x64.ActiveCfg = Debug|Any CPU
		{4DFB79F1-88F4-4AD6-B296-E7E89E653291}.Ad-Hoc|x64.Build.0 = Debug|Any CPU
		{4DFB79F1-88F4-4AD6-B296-E7E89E653291}.Ad-Hoc|x86.ActiveCfg = Debug|Any CPU
		{4DFB79F1-88F4-4AD6-B296-E7E89E653291}.Ad-Hoc|x86.Build.0 = Debug|Any CPU
		{4DFB79F1-88F4-4AD6-B296-E7E89E653291}.AppStore|Any CPU.ActiveCfg = Debug|Any CPU
		{4DFB79F1-88F4-4AD6-B296-E7E89E653291}.AppStore|Any CPU.Build.0 = Debug|Any CPU
		{4DFB79F1-88F4-4AD6-B296-E7E89E653291}.AppStore|ARM.ActiveCfg = Debug|Any CPU
		{4DFB79F1-88F4-4AD6-B296-E7E89E653291}.AppStore|ARM.Build.0 = Debug|Any CPU
		{4DFB79F1-88F4-4AD6-B296-E7E89E653291}.AppStore|iPhone.ActiveCfg = Debug|Any CPU
		{4DFB79F1-88F4-4AD6-B296-E7E89E653291}.AppStore|iPhone.Build.0 = Debug|Any CPU
		{4DFB79F1-88F4-4AD6-B296-E7E89E653291}.AppStore|iPhoneSimulator.ActiveCfg = Debug|Any CPU
		{4DFB79F1-88F4-4AD6-B296-E7E89E653291}.AppStore|iPhoneSimulator.Build.0 = Debug|Any CPU
		{4DFB79F1-88F4-4AD6-B296-E7E89E653291}.AppStore|x64.ActiveCfg = Debug|Any CPU
		{4DFB79F1-88F4-4AD6-B296-E7E89E653291}.AppStore|x64.Build.0 = Debug|Any CPU
		{4DFB79F1-88F4-4AD6-B296-E7E89E653291}.AppStore|x86.ActiveCfg = Debug|Any CPU
		{4DFB79F1-88F4-4AD6-B296-E7E89E653291}.AppStore|x86.Build.0 = Debug|Any CPU
		{4DFB79F1-88F4-4AD6-B296-E7E89E653291}.Debug|Any CPU.ActiveCfg = Debug|Any CPU
		{4DFB79F1-88F4-4AD6-B296-E7E89E653291}.Debug|Any CPU.Build.0 = Debug|Any CPU
		{4DFB79F1-88F4-4AD6-B296-E7E89E653291}.Debug|ARM.ActiveCfg = Debug|Any CPU
		{4DFB79F1-88F4-4AD6-B296-E7E89E653291}.Debug|ARM.Build.0 = Debug|Any CPU
		{4DFB79F1-88F4-4AD6-B296-E7E89E653291}.Debug|iPhone.ActiveCfg = Debug|Any CPU
		{4DFB79F1-88F4-4AD6-B296-E7E89E653291}.Debug|iPhone.Build.0 = Debug|Any CPU
		{4DFB79F1-88F4-4AD6-B296-E7E89E653291}.Debug|iPhoneSimulator.ActiveCfg = Debug|Any CPU
		{4DFB79F1-88F4-4AD6-B296-E7E89E653291}.Debug|iPhoneSimulator.Build.0 = Debug|Any CPU
		{4DFB79F1-88F4-4AD6-B296-E7E89E653291}.Debug|x64.ActiveCfg = Debug|Any CPU
		{4DFB79F1-88F4-4AD6-B296-E7E89E653291}.Debug|x64.Build.0 = Debug|Any CPU
		{4DFB79F1-88F4-4AD6-B296-E7E89E653291}.Debug|x86.ActiveCfg = Debug|Any CPU
		{4DFB79F1-88F4-4AD6-B296-E7E89E653291}.Debug|x86.Build.0 = Debug|Any CPU
		{4DFB79F1-88F4-4AD6-B296-E7E89E653291}.Release|Any CPU.ActiveCfg = Release|Any CPU
		{4DFB79F1-88F4-4AD6-B296-E7E89E653291}.Release|Any CPU.Build.0 = Release|Any CPU
		{4DFB79F1-88F4-4AD6-B296-E7E89E653291}.Release|ARM.ActiveCfg = Release|Any CPU
		{4DFB79F1-88F4-4AD6-B296-E7E89E653291}.Release|ARM.Build.0 = Release|Any CPU
		{4DFB79F1-88F4-4AD6-B296-E7E89E653291}.Release|iPhone.ActiveCfg = Release|Any CPU
		{4DFB79F1-88F4-4AD6-B296-E7E89E653291}.Release|iPhone.Build.0 = Release|Any CPU
		{4DFB79F1-88F4-4AD6-B296-E7E89E653291}.Release|iPhoneSimulator.ActiveCfg = Release|Any CPU
		{4DFB79F1-88F4-4AD6-B296-E7E89E653291}.Release|iPhoneSimulator.Build.0 = Release|Any CPU
		{4DFB79F1-88F4-4AD6-B296-E7E89E653291}.Release|x64.ActiveCfg = Release|Any CPU
		{4DFB79F1-88F4-4AD6-B296-E7E89E653291}.Release|x64.Build.0 = Release|Any CPU
		{4DFB79F1-88F4-4AD6-B296-E7E89E653291}.Release|x86.ActiveCfg = Release|Any CPU
		{4DFB79F1-88F4-4AD6-B296-E7E89E653291}.Release|x86.Build.0 = Release|Any CPU
		{6EDB9F13-0147-4094-96F9-5B405A622D30}.Ad-Hoc|Any CPU.ActiveCfg = Release|Any CPU
		{6EDB9F13-0147-4094-96F9-5B405A622D30}.Ad-Hoc|Any CPU.Build.0 = Release|Any CPU
		{6EDB9F13-0147-4094-96F9-5B405A622D30}.Ad-Hoc|Any CPU.Deploy.0 = Release|Any CPU
		{6EDB9F13-0147-4094-96F9-5B405A622D30}.Ad-Hoc|ARM.ActiveCfg = Release|Any CPU
		{6EDB9F13-0147-4094-96F9-5B405A622D30}.Ad-Hoc|ARM.Build.0 = Release|Any CPU
		{6EDB9F13-0147-4094-96F9-5B405A622D30}.Ad-Hoc|ARM.Deploy.0 = Release|Any CPU
		{6EDB9F13-0147-4094-96F9-5B405A622D30}.Ad-Hoc|iPhone.ActiveCfg = Release|Any CPU
		{6EDB9F13-0147-4094-96F9-5B405A622D30}.Ad-Hoc|iPhone.Build.0 = Release|Any CPU
		{6EDB9F13-0147-4094-96F9-5B405A622D30}.Ad-Hoc|iPhone.Deploy.0 = Release|Any CPU
		{6EDB9F13-0147-4094-96F9-5B405A622D30}.Ad-Hoc|iPhoneSimulator.ActiveCfg = Release|Any CPU
		{6EDB9F13-0147-4094-96F9-5B405A622D30}.Ad-Hoc|iPhoneSimulator.Build.0 = Release|Any CPU
		{6EDB9F13-0147-4094-96F9-5B405A622D30}.Ad-Hoc|iPhoneSimulator.Deploy.0 = Release|Any CPU
		{6EDB9F13-0147-4094-96F9-5B405A622D30}.Ad-Hoc|x64.ActiveCfg = Release|Any CPU
		{6EDB9F13-0147-4094-96F9-5B405A622D30}.Ad-Hoc|x64.Build.0 = Release|Any CPU
		{6EDB9F13-0147-4094-96F9-5B405A622D30}.Ad-Hoc|x64.Deploy.0 = Release|Any CPU
		{6EDB9F13-0147-4094-96F9-5B405A622D30}.Ad-Hoc|x86.ActiveCfg = Release|Any CPU
		{6EDB9F13-0147-4094-96F9-5B405A622D30}.Ad-Hoc|x86.Build.0 = Release|Any CPU
		{6EDB9F13-0147-4094-96F9-5B405A622D30}.Ad-Hoc|x86.Deploy.0 = Release|Any CPU
		{6EDB9F13-0147-4094-96F9-5B405A622D30}.AppStore|Any CPU.ActiveCfg = Release|Any CPU
		{6EDB9F13-0147-4094-96F9-5B405A622D30}.AppStore|Any CPU.Build.0 = Release|Any CPU
		{6EDB9F13-0147-4094-96F9-5B405A622D30}.AppStore|Any CPU.Deploy.0 = Release|Any CPU
		{6EDB9F13-0147-4094-96F9-5B405A622D30}.AppStore|ARM.ActiveCfg = Release|Any CPU
		{6EDB9F13-0147-4094-96F9-5B405A622D30}.AppStore|ARM.Build.0 = Release|Any CPU
		{6EDB9F13-0147-4094-96F9-5B405A622D30}.AppStore|ARM.Deploy.0 = Release|Any CPU
		{6EDB9F13-0147-4094-96F9-5B405A622D30}.AppStore|iPhone.ActiveCfg = Release|Any CPU
		{6EDB9F13-0147-4094-96F9-5B405A622D30}.AppStore|iPhone.Build.0 = Release|Any CPU
		{6EDB9F13-0147-4094-96F9-5B405A622D30}.AppStore|iPhone.Deploy.0 = Release|Any CPU
		{6EDB9F13-0147-4094-96F9-5B405A622D30}.AppStore|iPhoneSimulator.ActiveCfg = Release|Any CPU
		{6EDB9F13-0147-4094-96F9-5B405A622D30}.AppStore|iPhoneSimulator.Build.0 = Release|Any CPU
		{6EDB9F13-0147-4094-96F9-5B405A622D30}.AppStore|iPhoneSimulator.Deploy.0 = Release|Any CPU
		{6EDB9F13-0147-4094-96F9-5B405A622D30}.AppStore|x64.ActiveCfg = Release|Any CPU
		{6EDB9F13-0147-4094-96F9-5B405A622D30}.AppStore|x64.Build.0 = Release|Any CPU
		{6EDB9F13-0147-4094-96F9-5B405A622D30}.AppStore|x64.Deploy.0 = Release|Any CPU
		{6EDB9F13-0147-4094-96F9-5B405A622D30}.AppStore|x86.ActiveCfg = Release|Any CPU
		{6EDB9F13-0147-4094-96F9-5B405A622D30}.AppStore|x86.Build.0 = Release|Any CPU
		{6EDB9F13-0147-4094-96F9-5B405A622D30}.AppStore|x86.Deploy.0 = Release|Any CPU
		{6EDB9F13-0147-4094-96F9-5B405A622D30}.Debug|Any CPU.ActiveCfg = Debug|Any CPU
		{6EDB9F13-0147-4094-96F9-5B405A622D30}.Debug|Any CPU.Build.0 = Debug|Any CPU
		{6EDB9F13-0147-4094-96F9-5B405A622D30}.Debug|Any CPU.Deploy.0 = Debug|Any CPU
		{6EDB9F13-0147-4094-96F9-5B405A622D30}.Debug|ARM.ActiveCfg = Debug|Any CPU
		{6EDB9F13-0147-4094-96F9-5B405A622D30}.Debug|ARM.Build.0 = Debug|Any CPU
		{6EDB9F13-0147-4094-96F9-5B405A622D30}.Debug|ARM.Deploy.0 = Debug|Any CPU
		{6EDB9F13-0147-4094-96F9-5B405A622D30}.Debug|iPhone.ActiveCfg = Debug|Any CPU
		{6EDB9F13-0147-4094-96F9-5B405A622D30}.Debug|iPhone.Build.0 = Debug|Any CPU
		{6EDB9F13-0147-4094-96F9-5B405A622D30}.Debug|iPhone.Deploy.0 = Debug|Any CPU
		{6EDB9F13-0147-4094-96F9-5B405A622D30}.Debug|iPhoneSimulator.ActiveCfg = Debug|Any CPU
		{6EDB9F13-0147-4094-96F9-5B405A622D30}.Debug|iPhoneSimulator.Build.0 = Debug|Any CPU
		{6EDB9F13-0147-4094-96F9-5B405A622D30}.Debug|iPhoneSimulator.Deploy.0 = Debug|Any CPU
		{6EDB9F13-0147-4094-96F9-5B405A622D30}.Debug|x64.ActiveCfg = Debug|Any CPU
		{6EDB9F13-0147-4094-96F9-5B405A622D30}.Debug|x64.Build.0 = Debug|Any CPU
		{6EDB9F13-0147-4094-96F9-5B405A622D30}.Debug|x64.Deploy.0 = Debug|Any CPU
		{6EDB9F13-0147-4094-96F9-5B405A622D30}.Debug|x86.ActiveCfg = Debug|Any CPU
		{6EDB9F13-0147-4094-96F9-5B405A622D30}.Debug|x86.Build.0 = Debug|Any CPU
		{6EDB9F13-0147-4094-96F9-5B405A622D30}.Debug|x86.Deploy.0 = Debug|Any CPU
		{6EDB9F13-0147-4094-96F9-5B405A622D30}.Release|Any CPU.ActiveCfg = Release|Any CPU
		{6EDB9F13-0147-4094-96F9-5B405A622D30}.Release|Any CPU.Build.0 = Release|Any CPU
		{6EDB9F13-0147-4094-96F9-5B405A622D30}.Release|Any CPU.Deploy.0 = Release|Any CPU
		{6EDB9F13-0147-4094-96F9-5B405A622D30}.Release|ARM.ActiveCfg = Release|Any CPU
		{6EDB9F13-0147-4094-96F9-5B405A622D30}.Release|ARM.Build.0 = Release|Any CPU
		{6EDB9F13-0147-4094-96F9-5B405A622D30}.Release|ARM.Deploy.0 = Release|Any CPU
		{6EDB9F13-0147-4094-96F9-5B405A622D30}.Release|iPhone.ActiveCfg = Release|Any CPU
		{6EDB9F13-0147-4094-96F9-5B405A622D30}.Release|iPhone.Build.0 = Release|Any CPU
		{6EDB9F13-0147-4094-96F9-5B405A622D30}.Release|iPhone.Deploy.0 = Release|Any CPU
		{6EDB9F13-0147-4094-96F9-5B405A622D30}.Release|iPhoneSimulator.ActiveCfg = Release|Any CPU
		{6EDB9F13-0147-4094-96F9-5B405A622D30}.Release|iPhoneSimulator.Build.0 = Release|Any CPU
		{6EDB9F13-0147-4094-96F9-5B405A622D30}.Release|iPhoneSimulator.Deploy.0 = Release|Any CPU
		{6EDB9F13-0147-4094-96F9-5B405A622D30}.Release|x64.ActiveCfg = Release|Any CPU
		{6EDB9F13-0147-4094-96F9-5B405A622D30}.Release|x64.Build.0 = Release|Any CPU
		{6EDB9F13-0147-4094-96F9-5B405A622D30}.Release|x64.Deploy.0 = Release|Any CPU
		{6EDB9F13-0147-4094-96F9-5B405A622D30}.Release|x86.ActiveCfg = Release|Any CPU
		{6EDB9F13-0147-4094-96F9-5B405A622D30}.Release|x86.Build.0 = Release|Any CPU
		{6EDB9F13-0147-4094-96F9-5B405A622D30}.Release|x86.Deploy.0 = Release|Any CPU
	EndGlobalSection
	GlobalSection(SolutionProperties) = preSolution
		HideSolutionNode = FALSE
	EndGlobalSection
	GlobalSection(NestedProjects) = preSolution
		{F3BC0F56-D66D-4AE8-973C-60532B5E7F92} = {91FA8718-0D85-4689-A8F2-4D927BE19EC9}
		{62A905BD-CC42-413F-B607-AAAD3B3AE6A8} = {91FA8718-0D85-4689-A8F2-4D927BE19EC9}
		{1EED83B4-2912-4200-ABD8-068FE60277C8} = {91FA8718-0D85-4689-A8F2-4D927BE19EC9}
		{4DFB79F1-88F4-4AD6-B296-E7E89E653291} = {91FA8718-0D85-4689-A8F2-4D927BE19EC9}
		{6EDB9F13-0147-4094-96F9-5B405A622D30} = {91FA8718-0D85-4689-A8F2-4D927BE19EC9}
	EndGlobalSection
	GlobalSection(ExtensibilityGlobals) = postSolution
		SolutionGuid = {0044E7EB-53DD-41B1-8982-8B35772E4E17}
	EndGlobalSection
EndGlobal
