
Microsoft Visual Studio Solution File, Format Version 12.00
# Visual Studio 15
VisualStudioVersion = 15.0.27428.2037
MinimumVisualStudioVersion = 10.0.40219.1
Project("{9A19103F-16F7-4668-BE54-9A1E7A4F7556}") = "OrderStatusWebSite", "WebApplication1\OrderStatusWebSite.csproj", "{8E4A2EEA-4DD1-41FF-B7E1-9B9B8C150C18}"
EndProject
Project("{E53339B2-1760-4266-BCC7-CA923CBCF16C}") = "docker-compose", "docker-compose.dcproj", "{11B395EA-F758-4873-80E3-CC91E6E6C795}"
EndProject
Project("{2150E333-8FDC-42A3-9474-1A3956D46DE8}") = "Functions", "Functions", "{C2861035-675C-44E6-A703-CE16C8F73B01}"
EndProject
Project("{9A19103F-16F7-4668-BE54-9A1E7A4F7556}") = "StartOrderProcessing", "StartOrderProcessing\StartOrderProcessing.csproj", "{6650FDE0-4A89-4E5A-B21D-DEA71115E6AF}"
EndProject
Project("{FAE04EC0-301F-11D3-BF4B-00C04F79EFBC}") = "OrderStatusService", "OrderStatusService\OrderStatusService.csproj", "{7BE95137-30D2-47D9-9ADB-CCBF55E304F7}"
EndProject
Global
	GlobalSection(SolutionConfigurationPlatforms) = preSolution
		Debug|Any CPU = Debug|Any CPU
		Release|Any CPU = Release|Any CPU
	EndGlobalSection
	GlobalSection(ProjectConfigurationPlatforms) = postSolution
		{8E4A2EEA-4DD1-41FF-B7E1-9B9B8C150C18}.Debug|Any CPU.ActiveCfg = Debug|Any CPU
		{8E4A2EEA-4DD1-41FF-B7E1-9B9B8C150C18}.Debug|Any CPU.Build.0 = Debug|Any CPU
		{8E4A2EEA-4DD1-41FF-B7E1-9B9B8C150C18}.Release|Any CPU.ActiveCfg = Release|Any CPU
		{8E4A2EEA-4DD1-41FF-B7E1-9B9B8C150C18}.Release|Any CPU.Build.0 = Release|Any CPU
		{11B395EA-F758-4873-80E3-CC91E6E6C795}.Debug|Any CPU.ActiveCfg = Debug|Any CPU
		{11B395EA-F758-4873-80E3-CC91E6E6C795}.Debug|Any CPU.Build.0 = Debug|Any CPU
		{11B395EA-F758-4873-80E3-CC91E6E6C795}.Release|Any CPU.ActiveCfg = Release|Any CPU
		{11B395EA-F758-4873-80E3-CC91E6E6C795}.Release|Any CPU.Build.0 = Release|Any CPU
		{6650FDE0-4A89-4E5A-B21D-DEA71115E6AF}.Debug|Any CPU.ActiveCfg = Debug|Any CPU
		{6650FDE0-4A89-4E5A-B21D-DEA71115E6AF}.Debug|Any CPU.Build.0 = Debug|Any CPU
		{6650FDE0-4A89-4E5A-B21D-DEA71115E6AF}.Release|Any CPU.ActiveCfg = Release|Any CPU
		{6650FDE0-4A89-4E5A-B21D-DEA71115E6AF}.Release|Any CPU.Build.0 = Release|Any CPU
		{7BE95137-30D2-47D9-9ADB-CCBF55E304F7}.Debug|Any CPU.ActiveCfg = Debug|Any CPU
		{7BE95137-30D2-47D9-9ADB-CCBF55E304F7}.Debug|Any CPU.Build.0 = Debug|Any CPU
		{7BE95137-30D2-47D9-9ADB-CCBF55E304F7}.Release|Any CPU.ActiveCfg = Release|Any CPU
		{7BE95137-30D2-47D9-9ADB-CCBF55E304F7}.Release|Any CPU.Build.0 = Release|Any CPU
	EndGlobalSection
	GlobalSection(SolutionProperties) = preSolution
		HideSolutionNode = FALSE
	EndGlobalSection
	GlobalSection(ExtensibilityGlobals) = postSolution
		SolutionGuid = {EE5B4890-3E80-4B15-A8B6-377BB24D5428}
	EndGlobalSection
EndGlobal
