
Microsoft Visual Studio Solution File, Format Version 12.00
# Visual Studio 15
VisualStudioVersion = 15.0.27004.2006
MinimumVisualStudioVersion = 10.0.40219.1
Project("{FAE04EC0-301F-11D3-BF4B-00C04F79EFBC}") = "KeyWatcher.Dependencies", "KeyWatcher.Dependencies\KeyWatcher.Dependencies.csproj", "{C0F0AE62-0140-4C76-A658-2777502E936E}"
EndProject
Project("{FAE04EC0-301F-11D3-BF4B-00C04F79EFBC}") = "KeyWatcher.Messages", "KeyWatcher.Messages\KeyWatcher.Messages.csproj", "{6148D120-E0D1-4E81-B9A0-1DF13757F150}"
EndProject
Project("{FAE04EC0-301F-11D3-BF4B-00C04F79EFBC}") = "KeyWatcher.XAML", "KeyWatcher.XAML\KeyWatcher.XAML.csproj", "{8AFB6843-53C5-4512-B5E1-92729FFCD584}"
EndProject
Project("{FAE04EC0-301F-11D3-BF4B-00C04F79EFBC}") = "KeyWatcher.Azure", "KeyWatcher.Azure\KeyWatcher.Azure.csproj", "{D5F23DDA-917B-42B8-A8F8-B799855EAF84}"
EndProject
Project("{FAE04EC0-301F-11D3-BF4B-00C04F79EFBC}") = "KeyWatcher.Orleans.Contracts", "KeyWatcher.Orleans.Contracts\KeyWatcher.Orleans.Contracts.csproj", "{1F779DBB-FA49-4A0E-982C-3BC6AC3E6209}"
EndProject
Project("{FAE04EC0-301F-11D3-BF4B-00C04F79EFBC}") = "KeyWatcher.Orleans.Grains", "KeyWatcher.Orleans.Grains\KeyWatcher.Orleans.Grains.csproj", "{58D2E565-44E6-4D86-9D2B-E244E1606A16}"
EndProject
Project("{FAE04EC0-301F-11D3-BF4B-00C04F79EFBC}") = "KeyWatcher.Orleans.Host", "KeyWatcher.Orleans.Host\KeyWatcher.Orleans.Host.csproj", "{4D3F33FA-2623-4B85-8752-9C5A155D474D}"
EndProject
Project("{FAE04EC0-301F-11D3-BF4B-00C04F79EFBC}") = "KeyWatcher.Orleans.Client", "KeyWatcher.Orleans.Client\KeyWatcher.Orleans.Client.csproj", "{7DC7020F-1263-49DD-8182-025A25AD5984}"
EndProject
Project("{9A19103F-16F7-4668-BE54-9A1E7A4F7556}") = "KeyWatcher.Reactive", "KeyWatcher.Reactive\KeyWatcher.Reactive.csproj", "{3AC2B23E-9380-490F-86FB-D0BCF88C5E27}"
EndProject
Global
	GlobalSection(SolutionConfigurationPlatforms) = preSolution
		Debug|Any CPU = Debug|Any CPU
		Debug|x64 = Debug|x64
		Release|Any CPU = Release|Any CPU
		Release|x64 = Release|x64
	EndGlobalSection
	GlobalSection(ProjectConfigurationPlatforms) = postSolution
		{C0F0AE62-0140-4C76-A658-2777502E936E}.Debug|Any CPU.ActiveCfg = Debug|Any CPU
		{C0F0AE62-0140-4C76-A658-2777502E936E}.Debug|Any CPU.Build.0 = Debug|Any CPU
		{C0F0AE62-0140-4C76-A658-2777502E936E}.Debug|x64.ActiveCfg = Debug|Any CPU
		{C0F0AE62-0140-4C76-A658-2777502E936E}.Debug|x64.Build.0 = Debug|Any CPU
		{C0F0AE62-0140-4C76-A658-2777502E936E}.Release|Any CPU.ActiveCfg = Release|Any CPU
		{C0F0AE62-0140-4C76-A658-2777502E936E}.Release|Any CPU.Build.0 = Release|Any CPU
		{C0F0AE62-0140-4C76-A658-2777502E936E}.Release|x64.ActiveCfg = Release|Any CPU
		{C0F0AE62-0140-4C76-A658-2777502E936E}.Release|x64.Build.0 = Release|Any CPU
		{6148D120-E0D1-4E81-B9A0-1DF13757F150}.Debug|Any CPU.ActiveCfg = Debug|Any CPU
		{6148D120-E0D1-4E81-B9A0-1DF13757F150}.Debug|Any CPU.Build.0 = Debug|Any CPU
		{6148D120-E0D1-4E81-B9A0-1DF13757F150}.Debug|x64.ActiveCfg = Debug|Any CPU
		{6148D120-E0D1-4E81-B9A0-1DF13757F150}.Debug|x64.Build.0 = Debug|Any CPU
		{6148D120-E0D1-4E81-B9A0-1DF13757F150}.Release|Any CPU.ActiveCfg = Release|Any CPU
		{6148D120-E0D1-4E81-B9A0-1DF13757F150}.Release|Any CPU.Build.0 = Release|Any CPU
		{6148D120-E0D1-4E81-B9A0-1DF13757F150}.Release|x64.ActiveCfg = Release|Any CPU
		{6148D120-E0D1-4E81-B9A0-1DF13757F150}.Release|x64.Build.0 = Release|Any CPU
		{8AFB6843-53C5-4512-B5E1-92729FFCD584}.Debug|Any CPU.ActiveCfg = Debug|Any CPU
		{8AFB6843-53C5-4512-B5E1-92729FFCD584}.Debug|Any CPU.Build.0 = Debug|Any CPU
		{8AFB6843-53C5-4512-B5E1-92729FFCD584}.Debug|x64.ActiveCfg = Debug|Any CPU
		{8AFB6843-53C5-4512-B5E1-92729FFCD584}.Debug|x64.Build.0 = Debug|Any CPU
		{8AFB6843-53C5-4512-B5E1-92729FFCD584}.Release|Any CPU.ActiveCfg = Release|Any CPU
		{8AFB6843-53C5-4512-B5E1-92729FFCD584}.Release|Any CPU.Build.0 = Release|Any CPU
		{8AFB6843-53C5-4512-B5E1-92729FFCD584}.Release|x64.ActiveCfg = Release|Any CPU
		{8AFB6843-53C5-4512-B5E1-92729FFCD584}.Release|x64.Build.0 = Release|Any CPU
		{D5F23DDA-917B-42B8-A8F8-B799855EAF84}.Debug|Any CPU.ActiveCfg = Debug|Any CPU
		{D5F23DDA-917B-42B8-A8F8-B799855EAF84}.Debug|Any CPU.Build.0 = Debug|Any CPU
		{D5F23DDA-917B-42B8-A8F8-B799855EAF84}.Debug|x64.ActiveCfg = Debug|Any CPU
		{D5F23DDA-917B-42B8-A8F8-B799855EAF84}.Debug|x64.Build.0 = Debug|Any CPU
		{D5F23DDA-917B-42B8-A8F8-B799855EAF84}.Release|Any CPU.ActiveCfg = Release|Any CPU
		{D5F23DDA-917B-42B8-A8F8-B799855EAF84}.Release|Any CPU.Build.0 = Release|Any CPU
		{D5F23DDA-917B-42B8-A8F8-B799855EAF84}.Release|x64.ActiveCfg = Release|Any CPU
		{D5F23DDA-917B-42B8-A8F8-B799855EAF84}.Release|x64.Build.0 = Release|Any CPU
		{1F779DBB-FA49-4A0E-982C-3BC6AC3E6209}.Debug|Any CPU.ActiveCfg = Debug|Any CPU
		{1F779DBB-FA49-4A0E-982C-3BC6AC3E6209}.Debug|Any CPU.Build.0 = Debug|Any CPU
		{1F779DBB-FA49-4A0E-982C-3BC6AC3E6209}.Debug|x64.ActiveCfg = Debug|Any CPU
		{1F779DBB-FA49-4A0E-982C-3BC6AC3E6209}.Debug|x64.Build.0 = Debug|Any CPU
		{1F779DBB-FA49-4A0E-982C-3BC6AC3E6209}.Release|Any CPU.ActiveCfg = Release|Any CPU
		{1F779DBB-FA49-4A0E-982C-3BC6AC3E6209}.Release|Any CPU.Build.0 = Release|Any CPU
		{1F779DBB-FA49-4A0E-982C-3BC6AC3E6209}.Release|x64.ActiveCfg = Release|Any CPU
		{1F779DBB-FA49-4A0E-982C-3BC6AC3E6209}.Release|x64.Build.0 = Release|Any CPU
		{58D2E565-44E6-4D86-9D2B-E244E1606A16}.Debug|Any CPU.ActiveCfg = Debug|Any CPU
		{58D2E565-44E6-4D86-9D2B-E244E1606A16}.Debug|Any CPU.Build.0 = Debug|Any CPU
		{58D2E565-44E6-4D86-9D2B-E244E1606A16}.Debug|x64.ActiveCfg = Debug|Any CPU
		{58D2E565-44E6-4D86-9D2B-E244E1606A16}.Debug|x64.Build.0 = Debug|Any CPU
		{58D2E565-44E6-4D86-9D2B-E244E1606A16}.Release|Any CPU.ActiveCfg = Release|Any CPU
		{58D2E565-44E6-4D86-9D2B-E244E1606A16}.Release|Any CPU.Build.0 = Release|Any CPU
		{58D2E565-44E6-4D86-9D2B-E244E1606A16}.Release|x64.ActiveCfg = Release|Any CPU
		{58D2E565-44E6-4D86-9D2B-E244E1606A16}.Release|x64.Build.0 = Release|Any CPU
		{4D3F33FA-2623-4B85-8752-9C5A155D474D}.Debug|Any CPU.ActiveCfg = Debug|Any CPU
		{4D3F33FA-2623-4B85-8752-9C5A155D474D}.Debug|Any CPU.Build.0 = Debug|Any CPU
		{4D3F33FA-2623-4B85-8752-9C5A155D474D}.Debug|x64.ActiveCfg = Debug|Any CPU
		{4D3F33FA-2623-4B85-8752-9C5A155D474D}.Debug|x64.Build.0 = Debug|Any CPU
		{4D3F33FA-2623-4B85-8752-9C5A155D474D}.Release|Any CPU.ActiveCfg = Release|Any CPU
		{4D3F33FA-2623-4B85-8752-9C5A155D474D}.Release|Any CPU.Build.0 = Release|Any CPU
		{4D3F33FA-2623-4B85-8752-9C5A155D474D}.Release|x64.ActiveCfg = Release|Any CPU
		{4D3F33FA-2623-4B85-8752-9C5A155D474D}.Release|x64.Build.0 = Release|Any CPU
		{7DC7020F-1263-49DD-8182-025A25AD5984}.Debug|Any CPU.ActiveCfg = Debug|Any CPU
		{7DC7020F-1263-49DD-8182-025A25AD5984}.Debug|Any CPU.Build.0 = Debug|Any CPU
		{7DC7020F-1263-49DD-8182-025A25AD5984}.Debug|x64.ActiveCfg = Debug|Any CPU
		{7DC7020F-1263-49DD-8182-025A25AD5984}.Debug|x64.Build.0 = Debug|Any CPU
		{7DC7020F-1263-49DD-8182-025A25AD5984}.Release|Any CPU.ActiveCfg = Release|Any CPU
		{7DC7020F-1263-49DD-8182-025A25AD5984}.Release|Any CPU.Build.0 = Release|Any CPU
		{7DC7020F-1263-49DD-8182-025A25AD5984}.Release|x64.ActiveCfg = Release|Any CPU
		{7DC7020F-1263-49DD-8182-025A25AD5984}.Release|x64.Build.0 = Release|Any CPU
		{3AC2B23E-9380-490F-86FB-D0BCF88C5E27}.Debug|Any CPU.ActiveCfg = Debug|Any CPU
		{3AC2B23E-9380-490F-86FB-D0BCF88C5E27}.Debug|Any CPU.Build.0 = Debug|Any CPU
		{3AC2B23E-9380-490F-86FB-D0BCF88C5E27}.Debug|x64.ActiveCfg = Debug|Any CPU
		{3AC2B23E-9380-490F-86FB-D0BCF88C5E27}.Debug|x64.Build.0 = Debug|Any CPU
		{3AC2B23E-9380-490F-86FB-D0BCF88C5E27}.Release|Any CPU.ActiveCfg = Release|Any CPU
		{3AC2B23E-9380-490F-86FB-D0BCF88C5E27}.Release|Any CPU.Build.0 = Release|Any CPU
		{3AC2B23E-9380-490F-86FB-D0BCF88C5E27}.Release|x64.ActiveCfg = Release|Any CPU
		{3AC2B23E-9380-490F-86FB-D0BCF88C5E27}.Release|x64.Build.0 = Release|Any CPU
	EndGlobalSection
	GlobalSection(SolutionProperties) = preSolution
		HideSolutionNode = FALSE
	EndGlobalSection
	GlobalSection(ExtensibilityGlobals) = postSolution
		SolutionGuid = {C86231D3-4A73-40BB-B463-12E227AA39F8}
	EndGlobalSection
EndGlobal
